
Microsoft Visual Studio Solution File, Format Version 12.00
# Visual Studio 14
VisualStudioVersion = 14.0.25420.1
MinimumVisualStudioVersion = 10.0.40219.1
Project("{2150E333-8FDC-42A3-9474-1A3956D46DE8}") = "Core", "Core", "{66A4F4E4-6A67-479D-8650-013BD4A3913B}"
EndProject
Project("{FAE04EC0-301F-11D3-BF4B-00C04F79EFBC}") = "SF.Abstractions.net46", "Core\SF.Abstractions\SF.Abstractions.net46.csproj", "{69691EF2-2EFF-4E50-AA49-93E9FDC5C34B}"
EndProject
Project("{FAE04EC0-301F-11D3-BF4B-00C04F79EFBC}") = "SF.Extensions.net46", "Core\SF.Extensions\SF.Extensions.net46.csproj", "{CA3CCEB7-AD9A-41B1-A06F-483C32B697B7}"
EndProject
Project("{2150E333-8FDC-42A3-9474-1A3956D46DE8}") = "Implements", "Implements", "{5ADFB606-7537-4C30-A712-663E4DDCED81}"
EndProject
Project("{FAE04EC0-301F-11D3-BF4B-00C04F79EFBC}") = "SF.Implements.net46", "Core\SF.Implements\SF.Implements.net46.csproj", "{DC7AF484-4386-4CB8-AE4C-0F33B18C4ADD}"
EndProject
Project("{FAE04EC0-301F-11D3-BF4B-00C04F79EFBC}") = "SF.Core.MicrosoftExtensions.net46", "Implements\SF.Core.MicrosoftExtensions\SF.Core.MicrosoftExtensions.net46.csproj", "{958914A9-CCDD-43FF-8620-3588EF099539}"
EndProject
Project("{2150E333-8FDC-42A3-9474-1A3956D46DE8}") = "old", "old", "{0EEC0D2E-C1CB-4EDF-BB2F-42E0631DF139}"
EndProject
Project("{2150E333-8FDC-42A3-9474-1A3956D46DE8}") = "Test", "Test", "{71A662FA-FB00-440F-A5C5-4102E150E680}"
EndProject
Project("{FAE04EC0-301F-11D3-BF4B-00C04F79EFBC}") = "SF.UnitTest.net46", "Core\SF.UnitTest\SF.UnitTest.net46.csproj", "{41D9AE65-A06C-4BE9-B53E-69707D9157C6}"
EndProject
Project("{2150E333-8FDC-42A3-9474-1A3956D46DE8}") = "Sites", "Sites", "{8E28520B-F54B-4C69-A62D-D5C7195031C4}"
EndProject
Project("{FAE04EC0-301F-11D3-BF4B-00C04F79EFBC}") = "SF.AdminSite", "Sites\SF.AdminSite\SF.AdminSite.csproj", "{CE536CE6-D560-4A97-AB5D-B4AB8763CCF7}"
EndProject
Project("{FAE04EC0-301F-11D3-BF4B-00C04F79EFBC}") = "SF.AspNet", "Core\SF.AspNet\SF.AspNet.csproj", "{18684B2F-39E2-46A0-8528-754660B8577B}"
EndProject
Project("{FAE04EC0-301F-11D3-BF4B-00C04F79EFBC}") = "SF.Data.Storage.EF6", "Implements\SF.Data.Storage.EF6\SF.Data.Storage.EF6.csproj", "{0BACD331-8E70-451B-B290-06DCC35324BF}"
EndProject
Project("{FAE04EC0-301F-11D3-BF4B-00C04F79EFBC}") = "SF.Data.Storage.EFCore.net46", "Implements\SF.Data.Storage.EFCore\SF.Data.Storage.EFCore.net46.csproj", "{F69BE9A4-1E81-4AA1-9B11-71077DF6CA3D}"
EndProject
Project("{2150E333-8FDC-42A3-9474-1A3956D46DE8}") = "Common", "Common", "{21ADA552-95B6-443B-BEDB-8A420182B2E3}"
EndProject
Project("{FAE04EC0-301F-11D3-BF4B-00C04F79EFBC}") = "SF.Services.dotNetFramework", "Implements\SF.Services.dotNetFramework\SF.Services.dotNetFramework.csproj", "{1111E437-2D49-4773-83DF-BA42F6CA20F8}"
EndProject
Global
	GlobalSection(SolutionConfigurationPlatforms) = preSolution
		Debug|Any CPU = Debug|Any CPU
		Release|Any CPU = Release|Any CPU
	EndGlobalSection
	GlobalSection(ProjectConfigurationPlatforms) = postSolution
		{69691EF2-2EFF-4E50-AA49-93E9FDC5C34B}.Debug|Any CPU.ActiveCfg = Debug|Any CPU
		{69691EF2-2EFF-4E50-AA49-93E9FDC5C34B}.Debug|Any CPU.Build.0 = Debug|Any CPU
		{69691EF2-2EFF-4E50-AA49-93E9FDC5C34B}.Release|Any CPU.ActiveCfg = Release|Any CPU
		{69691EF2-2EFF-4E50-AA49-93E9FDC5C34B}.Release|Any CPU.Build.0 = Release|Any CPU
		{CA3CCEB7-AD9A-41B1-A06F-483C32B697B7}.Debug|Any CPU.ActiveCfg = Debug|Any CPU
		{CA3CCEB7-AD9A-41B1-A06F-483C32B697B7}.Debug|Any CPU.Build.0 = Debug|Any CPU
		{CA3CCEB7-AD9A-41B1-A06F-483C32B697B7}.Release|Any CPU.ActiveCfg = Release|Any CPU
		{CA3CCEB7-AD9A-41B1-A06F-483C32B697B7}.Release|Any CPU.Build.0 = Release|Any CPU
		{DC7AF484-4386-4CB8-AE4C-0F33B18C4ADD}.Debug|Any CPU.ActiveCfg = Debug|Any CPU
		{DC7AF484-4386-4CB8-AE4C-0F33B18C4ADD}.Debug|Any CPU.Build.0 = Debug|Any CPU
		{DC7AF484-4386-4CB8-AE4C-0F33B18C4ADD}.Release|Any CPU.ActiveCfg = Release|Any CPU
		{DC7AF484-4386-4CB8-AE4C-0F33B18C4ADD}.Release|Any CPU.Build.0 = Release|Any CPU
		{958914A9-CCDD-43FF-8620-3588EF099539}.Debug|Any CPU.ActiveCfg = Debug|Any CPU
		{958914A9-CCDD-43FF-8620-3588EF099539}.Debug|Any CPU.Build.0 = Debug|Any CPU
		{958914A9-CCDD-43FF-8620-3588EF099539}.Release|Any CPU.ActiveCfg = Release|Any CPU
		{958914A9-CCDD-43FF-8620-3588EF099539}.Release|Any CPU.Build.0 = Release|Any CPU
		{41D9AE65-A06C-4BE9-B53E-69707D9157C6}.Debug|Any CPU.ActiveCfg = Debug|Any CPU
		{41D9AE65-A06C-4BE9-B53E-69707D9157C6}.Debug|Any CPU.Build.0 = Debug|Any CPU
		{41D9AE65-A06C-4BE9-B53E-69707D9157C6}.Release|Any CPU.ActiveCfg = Release|Any CPU
		{41D9AE65-A06C-4BE9-B53E-69707D9157C6}.Release|Any CPU.Build.0 = Release|Any CPU
		{CE536CE6-D560-4A97-AB5D-B4AB8763CCF7}.Debug|Any CPU.ActiveCfg = Debug|Any CPU
		{CE536CE6-D560-4A97-AB5D-B4AB8763CCF7}.Debug|Any CPU.Build.0 = Debug|Any CPU
		{CE536CE6-D560-4A97-AB5D-B4AB8763CCF7}.Release|Any CPU.ActiveCfg = Release|Any CPU
		{CE536CE6-D560-4A97-AB5D-B4AB8763CCF7}.Release|Any CPU.Build.0 = Release|Any CPU
		{18684B2F-39E2-46A0-8528-754660B8577B}.Debug|Any CPU.ActiveCfg = Debug|Any CPU
		{18684B2F-39E2-46A0-8528-754660B8577B}.Debug|Any CPU.Build.0 = Debug|Any CPU
		{18684B2F-39E2-46A0-8528-754660B8577B}.Release|Any CPU.ActiveCfg = Release|Any CPU
		{18684B2F-39E2-46A0-8528-754660B8577B}.Release|Any CPU.Build.0 = Release|Any CPU
		{0BACD331-8E70-451B-B290-06DCC35324BF}.Debug|Any CPU.ActiveCfg = Debug|Any CPU
		{0BACD331-8E70-451B-B290-06DCC35324BF}.Debug|Any CPU.Build.0 = Debug|Any CPU
		{0BACD331-8E70-451B-B290-06DCC35324BF}.Release|Any CPU.ActiveCfg = Release|Any CPU
		{0BACD331-8E70-451B-B290-06DCC35324BF}.Release|Any CPU.Build.0 = Release|Any CPU
		{F69BE9A4-1E81-4AA1-9B11-71077DF6CA3D}.Debug|Any CPU.ActiveCfg = Debug|Any CPU
		{F69BE9A4-1E81-4AA1-9B11-71077DF6CA3D}.Debug|Any CPU.Build.0 = Debug|Any CPU
		{F69BE9A4-1E81-4AA1-9B11-71077DF6CA3D}.Release|Any CPU.ActiveCfg = Release|Any CPU
		{F69BE9A4-1E81-4AA1-9B11-71077DF6CA3D}.Release|Any CPU.Build.0 = Release|Any CPU
		{1111E437-2D49-4773-83DF-BA42F6CA20F8}.Debug|Any CPU.ActiveCfg = Debug|Any CPU
		{1111E437-2D49-4773-83DF-BA42F6CA20F8}.Debug|Any CPU.Build.0 = Debug|Any CPU
		{1111E437-2D49-4773-83DF-BA42F6CA20F8}.Release|Any CPU.ActiveCfg = Release|Any CPU
		{1111E437-2D49-4773-83DF-BA42F6CA20F8}.Release|Any CPU.Build.0 = Release|Any CPU
	EndGlobalSection
	GlobalSection(SolutionProperties) = preSolution
		HideSolutionNode = FALSE
	EndGlobalSection
	GlobalSection(NestedProjects) = preSolution
		{69691EF2-2EFF-4E50-AA49-93E9FDC5C34B} = {66A4F4E4-6A67-479D-8650-013BD4A3913B}
		{CA3CCEB7-AD9A-41B1-A06F-483C32B697B7} = {66A4F4E4-6A67-479D-8650-013BD4A3913B}
		{DC7AF484-4386-4CB8-AE4C-0F33B18C4ADD} = {66A4F4E4-6A67-479D-8650-013BD4A3913B}
		{958914A9-CCDD-43FF-8620-3588EF099539} = {5ADFB606-7537-4C30-A712-663E4DDCED81}
		{41D9AE65-A06C-4BE9-B53E-69707D9157C6} = {71A662FA-FB00-440F-A5C5-4102E150E680}
		{CE536CE6-D560-4A97-AB5D-B4AB8763CCF7} = {8E28520B-F54B-4C69-A62D-D5C7195031C4}
		{18684B2F-39E2-46A0-8528-754660B8577B} = {66A4F4E4-6A67-479D-8650-013BD4A3913B}
		{0BACD331-8E70-451B-B290-06DCC35324BF} = {5ADFB606-7537-4C30-A712-663E4DDCED81}
		{F69BE9A4-1E81-4AA1-9B11-71077DF6CA3D} = {5ADFB606-7537-4C30-A712-663E4DDCED81}
		{1111E437-2D49-4773-83DF-BA42F6CA20F8} = {5ADFB606-7537-4C30-A712-663E4DDCED81}
	EndGlobalSection
EndGlobal
