
Microsoft Visual Studio Solution File, Format Version 12.00
# Visual Studio 15
VisualStudioVersion = 15.0.26730.3
MinimumVisualStudioVersion = 10.0.40219.1
Project("{2150E333-8FDC-42A3-9474-1A3956D46DE8}") = "Core", "Core", "{66A4F4E4-6A67-479D-8650-013BD4A3913B}"
EndProject
Project("{FAE04EC0-301F-11D3-BF4B-00C04F79EFBC}") = "SF.Abstractions.net46", "Core\SF.Abstractions\SF.Abstractions.net46.csproj", "{69691EF2-2EFF-4E50-AA49-93E9FDC5C34B}"
EndProject
Project("{FAE04EC0-301F-11D3-BF4B-00C04F79EFBC}") = "SF.Extensions.net46", "Core\SF.Extensions\SF.Extensions.net46.csproj", "{CA3CCEB7-AD9A-41B1-A06F-483C32B697B7}"
EndProject
Project("{2150E333-8FDC-42A3-9474-1A3956D46DE8}") = "Implements", "Implements", "{5ADFB606-7537-4C30-A712-663E4DDCED81}"
EndProject
Project("{FAE04EC0-301F-11D3-BF4B-00C04F79EFBC}") = "SF.Implements.net46", "Core\SF.Implements\SF.Implements.net46.csproj", "{DC7AF484-4386-4CB8-AE4C-0F33B18C4ADD}"
EndProject
Project("{FAE04EC0-301F-11D3-BF4B-00C04F79EFBC}") = "SF.Core.MicrosoftExtensions.net46", "Implements\SF.Core.MicrosoftExtensions\SF.Core.MicrosoftExtensions.net46.csproj", "{958914A9-CCDD-43FF-8620-3588EF099539}"
EndProject
Project("{2150E333-8FDC-42A3-9474-1A3956D46DE8}") = "old", "old", "{0EEC0D2E-C1CB-4EDF-BB2F-42E0631DF139}"
EndProject
Project("{2150E333-8FDC-42A3-9474-1A3956D46DE8}") = "Test", "Test", "{71A662FA-FB00-440F-A5C5-4102E150E680}"
EndProject
Project("{2150E333-8FDC-42A3-9474-1A3956D46DE8}") = "Sites", "Sites", "{8E28520B-F54B-4C69-A62D-D5C7195031C4}"
EndProject
Project("{FAE04EC0-301F-11D3-BF4B-00C04F79EFBC}") = "SF.AdminSite", "Sites\SF.AdminSite\SF.AdminSite.csproj", "{CE536CE6-D560-4A97-AB5D-B4AB8763CCF7}"
EndProject
Project("{FAE04EC0-301F-11D3-BF4B-00C04F79EFBC}") = "SF.AspNet", "Core\SF.AspNet\SF.AspNet.csproj", "{18684B2F-39E2-46A0-8528-754660B8577B}"
EndProject
Project("{FAE04EC0-301F-11D3-BF4B-00C04F79EFBC}") = "SF.Data.Storage.EF6", "Implements\SF.Data.Storage.EF6\SF.Data.Storage.EF6.csproj", "{0BACD331-8E70-451B-B290-06DCC35324BF}"
EndProject
Project("{FAE04EC0-301F-11D3-BF4B-00C04F79EFBC}") = "SF.Data.Storage.EFCore.net46", "Implements\SF.Data.Storage.EFCore\SF.Data.Storage.EFCore.net46.csproj", "{F69BE9A4-1E81-4AA1-9B11-71077DF6CA3D}"
EndProject
Project("{2150E333-8FDC-42A3-9474-1A3956D46DE8}") = "Common", "Common", "{21ADA552-95B6-443B-BEDB-8A420182B2E3}"
EndProject
Project("{FAE04EC0-301F-11D3-BF4B-00C04F79EFBC}") = "SF.Services.dotNetFramework", "Implements\SF.Services.dotNetFramework\SF.Services.dotNetFramework.csproj", "{1111E437-2D49-4773-83DF-BA42F6CA20F8}"
EndProject
Project("{2150E333-8FDC-42A3-9474-1A3956D46DE8}") = "Biz", "Biz", "{7FB34344-E354-4075-8F29-A0AAD2EF72D4}"
EndProject
Project("{FAE04EC0-301F-11D3-BF4B-00C04F79EFBC}") = "SF.Biz.Abstractions.net46", "Biz\SF.Biz.Abstractions\SF.Biz.Abstractions.net46.csproj", "{7E291A79-DCB6-46CD-A0CB-409BD1E02ACF}"
EndProject
Project("{FAE04EC0-301F-11D3-BF4B-00C04F79EFBC}") = "SF.Common.Abstractions.net46", "Common\SF.Common.Abstractions\SF.Common.Abstractions.net46.csproj", "{493A9630-CC6D-458E-B8F8-F5C0002D0522}"
EndProject
Project("{FAE04EC0-301F-11D3-BF4B-00C04F79EFBC}") = "SF.Common.Implements.net46", "Common\SF.Common.Implements\SF.Common.Implements.net46.csproj", "{089F553C-B608-4B76-BE81-39EE4D18CACC}"
EndProject
Project("{FAE04EC0-301F-11D3-BF4B-00C04F79EFBC}") = "SF.Interception.net46", "Core\SF.Interception\SF.Interception.net46.csproj", "{899CD860-FF21-4CDD-907C-957435A862E5}"
EndProject
Project("{FAE04EC0-301F-11D3-BF4B-00C04F79EFBC}") = "SF.Common.Extensions.net46", "Common\SF.Common.Extensions\SF.Common.Extensions.net46.csproj", "{B78373F2-F7F8-4461-AB16-A7B49F3DCB8D}"
EndProject
Project("{FAE04EC0-301F-11D3-BF4B-00C04F79EFBC}") = "SF.Application.net46", "Sites\SF.Application\SF.Application.net46.csproj", "{A6C1B390-F3C2-4E54-8C4D-2B090C7739A7}"
EndProject
Project("{FAE04EC0-301F-11D3-BF4B-00C04F79EFBC}") = "SF.UT.Common.net46", "Test\SF.UT.Common\SF.UT.Common.net46.csproj", "{C5E2D99B-8009-46BB-BD51-42161D6CCF1D}"
EndProject
Project("{FAE04EC0-301F-11D3-BF4B-00C04F79EFBC}") = "SF.UnitTest.net46", "Core\SF.UnitTest\SF.UnitTest.net46.csproj", "{41D9AE65-A06C-4BE9-B53E-69707D9157C6}"
EndProject
Project("{9A19103F-16F7-4668-BE54-9A1E7A4F7556}") = "SF.Abstractions", "Core\SF.Abstractions\SF.Abstractions.csproj", "{8880140E-8868-4B08-880E-DC3E0BC10D76}"
EndProject
Project("{9A19103F-16F7-4668-BE54-9A1E7A4F7556}") = "SF.Extensions", "Core\SF.Extensions\SF.Extensions.csproj", "{D6AD9C64-CCA3-45BF-890C-54309E1455FC}"
EndProject
Project("{9A19103F-16F7-4668-BE54-9A1E7A4F7556}") = "SF.Implements", "Core\SF.Implements\SF.Implements.csproj", "{F2624E1E-8C78-4E8C-B684-735BA3DCF68E}"
EndProject
Project("{9A19103F-16F7-4668-BE54-9A1E7A4F7556}") = "SF.Interception", "Core\SF.Interception\SF.Interception.csproj", "{A3E878CD-9E52-4B9B-BD74-BADBCD45DBBB}"
EndProject
Project("{2150E333-8FDC-42A3-9474-1A3956D46DE8}") = "Applications", "Applications", "{C2963F98-E3FB-4444-A4CE-3A7FA00225AA}"
EndProject
Project("{9A19103F-16F7-4668-BE54-9A1E7A4F7556}") = "SF.Application", "Applications\SF.Application\SF.Application.csproj", "{8B50D384-C134-4464-852D-C0E5C9A7C15A}"
EndProject
Global
	GlobalSection(SolutionConfigurationPlatforms) = preSolution
		Debug|Any CPU = Debug|Any CPU
		Release|Any CPU = Release|Any CPU
	EndGlobalSection
	GlobalSection(ProjectConfigurationPlatforms) = postSolution
		{69691EF2-2EFF-4E50-AA49-93E9FDC5C34B}.Debug|Any CPU.ActiveCfg = Debug|Any CPU
		{69691EF2-2EFF-4E50-AA49-93E9FDC5C34B}.Debug|Any CPU.Build.0 = Debug|Any CPU
		{69691EF2-2EFF-4E50-AA49-93E9FDC5C34B}.Release|Any CPU.ActiveCfg = Release|Any CPU
		{69691EF2-2EFF-4E50-AA49-93E9FDC5C34B}.Release|Any CPU.Build.0 = Release|Any CPU
		{CA3CCEB7-AD9A-41B1-A06F-483C32B697B7}.Debug|Any CPU.ActiveCfg = Debug|Any CPU
		{CA3CCEB7-AD9A-41B1-A06F-483C32B697B7}.Debug|Any CPU.Build.0 = Debug|Any CPU
		{CA3CCEB7-AD9A-41B1-A06F-483C32B697B7}.Release|Any CPU.ActiveCfg = Release|Any CPU
		{CA3CCEB7-AD9A-41B1-A06F-483C32B697B7}.Release|Any CPU.Build.0 = Release|Any CPU
		{DC7AF484-4386-4CB8-AE4C-0F33B18C4ADD}.Debug|Any CPU.ActiveCfg = Debug|Any CPU
		{DC7AF484-4386-4CB8-AE4C-0F33B18C4ADD}.Debug|Any CPU.Build.0 = Debug|Any CPU
		{DC7AF484-4386-4CB8-AE4C-0F33B18C4ADD}.Release|Any CPU.ActiveCfg = Release|Any CPU
		{DC7AF484-4386-4CB8-AE4C-0F33B18C4ADD}.Release|Any CPU.Build.0 = Release|Any CPU
		{958914A9-CCDD-43FF-8620-3588EF099539}.Debug|Any CPU.ActiveCfg = Debug|Any CPU
		{958914A9-CCDD-43FF-8620-3588EF099539}.Debug|Any CPU.Build.0 = Debug|Any CPU
		{958914A9-CCDD-43FF-8620-3588EF099539}.Release|Any CPU.ActiveCfg = Release|Any CPU
		{958914A9-CCDD-43FF-8620-3588EF099539}.Release|Any CPU.Build.0 = Release|Any CPU
		{CE536CE6-D560-4A97-AB5D-B4AB8763CCF7}.Debug|Any CPU.ActiveCfg = Debug|Any CPU
		{CE536CE6-D560-4A97-AB5D-B4AB8763CCF7}.Debug|Any CPU.Build.0 = Debug|Any CPU
		{CE536CE6-D560-4A97-AB5D-B4AB8763CCF7}.Release|Any CPU.ActiveCfg = Release|Any CPU
		{CE536CE6-D560-4A97-AB5D-B4AB8763CCF7}.Release|Any CPU.Build.0 = Release|Any CPU
		{18684B2F-39E2-46A0-8528-754660B8577B}.Debug|Any CPU.ActiveCfg = Debug|Any CPU
		{18684B2F-39E2-46A0-8528-754660B8577B}.Debug|Any CPU.Build.0 = Debug|Any CPU
		{18684B2F-39E2-46A0-8528-754660B8577B}.Release|Any CPU.ActiveCfg = Release|Any CPU
		{18684B2F-39E2-46A0-8528-754660B8577B}.Release|Any CPU.Build.0 = Release|Any CPU
		{0BACD331-8E70-451B-B290-06DCC35324BF}.Debug|Any CPU.ActiveCfg = Debug|Any CPU
		{0BACD331-8E70-451B-B290-06DCC35324BF}.Debug|Any CPU.Build.0 = Debug|Any CPU
		{0BACD331-8E70-451B-B290-06DCC35324BF}.Release|Any CPU.ActiveCfg = Release|Any CPU
		{0BACD331-8E70-451B-B290-06DCC35324BF}.Release|Any CPU.Build.0 = Release|Any CPU
		{F69BE9A4-1E81-4AA1-9B11-71077DF6CA3D}.Debug|Any CPU.ActiveCfg = Debug|Any CPU
		{F69BE9A4-1E81-4AA1-9B11-71077DF6CA3D}.Debug|Any CPU.Build.0 = Debug|Any CPU
		{F69BE9A4-1E81-4AA1-9B11-71077DF6CA3D}.Release|Any CPU.ActiveCfg = Release|Any CPU
		{F69BE9A4-1E81-4AA1-9B11-71077DF6CA3D}.Release|Any CPU.Build.0 = Release|Any CPU
		{1111E437-2D49-4773-83DF-BA42F6CA20F8}.Debug|Any CPU.ActiveCfg = Debug|Any CPU
		{1111E437-2D49-4773-83DF-BA42F6CA20F8}.Debug|Any CPU.Build.0 = Debug|Any CPU
		{1111E437-2D49-4773-83DF-BA42F6CA20F8}.Release|Any CPU.ActiveCfg = Release|Any CPU
		{1111E437-2D49-4773-83DF-BA42F6CA20F8}.Release|Any CPU.Build.0 = Release|Any CPU
		{7E291A79-DCB6-46CD-A0CB-409BD1E02ACF}.Debug|Any CPU.ActiveCfg = Debug|Any CPU
		{7E291A79-DCB6-46CD-A0CB-409BD1E02ACF}.Debug|Any CPU.Build.0 = Debug|Any CPU
		{7E291A79-DCB6-46CD-A0CB-409BD1E02ACF}.Release|Any CPU.ActiveCfg = Release|Any CPU
		{7E291A79-DCB6-46CD-A0CB-409BD1E02ACF}.Release|Any CPU.Build.0 = Release|Any CPU
		{493A9630-CC6D-458E-B8F8-F5C0002D0522}.Debug|Any CPU.ActiveCfg = Debug|Any CPU
		{493A9630-CC6D-458E-B8F8-F5C0002D0522}.Debug|Any CPU.Build.0 = Debug|Any CPU
		{493A9630-CC6D-458E-B8F8-F5C0002D0522}.Release|Any CPU.ActiveCfg = Release|Any CPU
		{493A9630-CC6D-458E-B8F8-F5C0002D0522}.Release|Any CPU.Build.0 = Release|Any CPU
		{089F553C-B608-4B76-BE81-39EE4D18CACC}.Debug|Any CPU.ActiveCfg = Debug|Any CPU
		{089F553C-B608-4B76-BE81-39EE4D18CACC}.Debug|Any CPU.Build.0 = Debug|Any CPU
		{089F553C-B608-4B76-BE81-39EE4D18CACC}.Release|Any CPU.ActiveCfg = Release|Any CPU
		{089F553C-B608-4B76-BE81-39EE4D18CACC}.Release|Any CPU.Build.0 = Release|Any CPU
		{899CD860-FF21-4CDD-907C-957435A862E5}.Debug|Any CPU.ActiveCfg = Debug|Any CPU
		{899CD860-FF21-4CDD-907C-957435A862E5}.Debug|Any CPU.Build.0 = Debug|Any CPU
		{899CD860-FF21-4CDD-907C-957435A862E5}.Release|Any CPU.ActiveCfg = Release|Any CPU
		{899CD860-FF21-4CDD-907C-957435A862E5}.Release|Any CPU.Build.0 = Release|Any CPU
		{B78373F2-F7F8-4461-AB16-A7B49F3DCB8D}.Debug|Any CPU.ActiveCfg = Debug|Any CPU
		{B78373F2-F7F8-4461-AB16-A7B49F3DCB8D}.Debug|Any CPU.Build.0 = Debug|Any CPU
		{B78373F2-F7F8-4461-AB16-A7B49F3DCB8D}.Release|Any CPU.ActiveCfg = Release|Any CPU
		{B78373F2-F7F8-4461-AB16-A7B49F3DCB8D}.Release|Any CPU.Build.0 = Release|Any CPU
		{A6C1B390-F3C2-4E54-8C4D-2B090C7739A7}.Debug|Any CPU.ActiveCfg = Debug|Any CPU
		{A6C1B390-F3C2-4E54-8C4D-2B090C7739A7}.Debug|Any CPU.Build.0 = Debug|Any CPU
		{A6C1B390-F3C2-4E54-8C4D-2B090C7739A7}.Release|Any CPU.ActiveCfg = Release|Any CPU
		{A6C1B390-F3C2-4E54-8C4D-2B090C7739A7}.Release|Any CPU.Build.0 = Release|Any CPU
		{C5E2D99B-8009-46BB-BD51-42161D6CCF1D}.Debug|Any CPU.ActiveCfg = Debug|Any CPU
		{C5E2D99B-8009-46BB-BD51-42161D6CCF1D}.Debug|Any CPU.Build.0 = Debug|Any CPU
		{C5E2D99B-8009-46BB-BD51-42161D6CCF1D}.Release|Any CPU.ActiveCfg = Release|Any CPU
		{C5E2D99B-8009-46BB-BD51-42161D6CCF1D}.Release|Any CPU.Build.0 = Release|Any CPU
		{41D9AE65-A06C-4BE9-B53E-69707D9157C6}.Debug|Any CPU.ActiveCfg = Debug|Any CPU
		{41D9AE65-A06C-4BE9-B53E-69707D9157C6}.Debug|Any CPU.Build.0 = Debug|Any CPU
		{41D9AE65-A06C-4BE9-B53E-69707D9157C6}.Release|Any CPU.ActiveCfg = Release|Any CPU
		{41D9AE65-A06C-4BE9-B53E-69707D9157C6}.Release|Any CPU.Build.0 = Release|Any CPU
		{8880140E-8868-4B08-880E-DC3E0BC10D76}.Debug|Any CPU.ActiveCfg = Debug|Any CPU
		{8880140E-8868-4B08-880E-DC3E0BC10D76}.Debug|Any CPU.Build.0 = Debug|Any CPU
		{8880140E-8868-4B08-880E-DC3E0BC10D76}.Release|Any CPU.ActiveCfg = Release|Any CPU
		{8880140E-8868-4B08-880E-DC3E0BC10D76}.Release|Any CPU.Build.0 = Release|Any CPU
		{D6AD9C64-CCA3-45BF-890C-54309E1455FC}.Debug|Any CPU.ActiveCfg = Debug|Any CPU
		{D6AD9C64-CCA3-45BF-890C-54309E1455FC}.Debug|Any CPU.Build.0 = Debug|Any CPU
		{D6AD9C64-CCA3-45BF-890C-54309E1455FC}.Release|Any CPU.ActiveCfg = Release|Any CPU
		{D6AD9C64-CCA3-45BF-890C-54309E1455FC}.Release|Any CPU.Build.0 = Release|Any CPU
		{F2624E1E-8C78-4E8C-B684-735BA3DCF68E}.Debug|Any CPU.ActiveCfg = Debug|Any CPU
		{F2624E1E-8C78-4E8C-B684-735BA3DCF68E}.Debug|Any CPU.Build.0 = Debug|Any CPU
		{F2624E1E-8C78-4E8C-B684-735BA3DCF68E}.Release|Any CPU.ActiveCfg = Release|Any CPU
		{F2624E1E-8C78-4E8C-B684-735BA3DCF68E}.Release|Any CPU.Build.0 = Release|Any CPU
		{A3E878CD-9E52-4B9B-BD74-BADBCD45DBBB}.Debug|Any CPU.ActiveCfg = Debug|Any CPU
		{A3E878CD-9E52-4B9B-BD74-BADBCD45DBBB}.Debug|Any CPU.Build.0 = Debug|Any CPU
		{A3E878CD-9E52-4B9B-BD74-BADBCD45DBBB}.Release|Any CPU.ActiveCfg = Release|Any CPU
		{A3E878CD-9E52-4B9B-BD74-BADBCD45DBBB}.Release|Any CPU.Build.0 = Release|Any CPU
		{8B50D384-C134-4464-852D-C0E5C9A7C15A}.Debug|Any CPU.ActiveCfg = Debug|Any CPU
		{8B50D384-C134-4464-852D-C0E5C9A7C15A}.Debug|Any CPU.Build.0 = Debug|Any CPU
		{8B50D384-C134-4464-852D-C0E5C9A7C15A}.Release|Any CPU.ActiveCfg = Release|Any CPU
		{8B50D384-C134-4464-852D-C0E5C9A7C15A}.Release|Any CPU.Build.0 = Release|Any CPU
	EndGlobalSection
	GlobalSection(SolutionProperties) = preSolution
		HideSolutionNode = FALSE
	EndGlobalSection
	GlobalSection(NestedProjects) = preSolution
		{69691EF2-2EFF-4E50-AA49-93E9FDC5C34B} = {66A4F4E4-6A67-479D-8650-013BD4A3913B}
		{CA3CCEB7-AD9A-41B1-A06F-483C32B697B7} = {66A4F4E4-6A67-479D-8650-013BD4A3913B}
		{DC7AF484-4386-4CB8-AE4C-0F33B18C4ADD} = {66A4F4E4-6A67-479D-8650-013BD4A3913B}
		{958914A9-CCDD-43FF-8620-3588EF099539} = {5ADFB606-7537-4C30-A712-663E4DDCED81}
		{CE536CE6-D560-4A97-AB5D-B4AB8763CCF7} = {8E28520B-F54B-4C69-A62D-D5C7195031C4}
		{18684B2F-39E2-46A0-8528-754660B8577B} = {66A4F4E4-6A67-479D-8650-013BD4A3913B}
		{0BACD331-8E70-451B-B290-06DCC35324BF} = {5ADFB606-7537-4C30-A712-663E4DDCED81}
		{F69BE9A4-1E81-4AA1-9B11-71077DF6CA3D} = {5ADFB606-7537-4C30-A712-663E4DDCED81}
		{1111E437-2D49-4773-83DF-BA42F6CA20F8} = {5ADFB606-7537-4C30-A712-663E4DDCED81}
		{7E291A79-DCB6-46CD-A0CB-409BD1E02ACF} = {7FB34344-E354-4075-8F29-A0AAD2EF72D4}
		{493A9630-CC6D-458E-B8F8-F5C0002D0522} = {21ADA552-95B6-443B-BEDB-8A420182B2E3}
		{089F553C-B608-4B76-BE81-39EE4D18CACC} = {21ADA552-95B6-443B-BEDB-8A420182B2E3}
		{899CD860-FF21-4CDD-907C-957435A862E5} = {66A4F4E4-6A67-479D-8650-013BD4A3913B}
		{B78373F2-F7F8-4461-AB16-A7B49F3DCB8D} = {21ADA552-95B6-443B-BEDB-8A420182B2E3}
		{A6C1B390-F3C2-4E54-8C4D-2B090C7739A7} = {8E28520B-F54B-4C69-A62D-D5C7195031C4}
		{C5E2D99B-8009-46BB-BD51-42161D6CCF1D} = {71A662FA-FB00-440F-A5C5-4102E150E680}
		{41D9AE65-A06C-4BE9-B53E-69707D9157C6} = {66A4F4E4-6A67-479D-8650-013BD4A3913B}
		{8880140E-8868-4B08-880E-DC3E0BC10D76} = {66A4F4E4-6A67-479D-8650-013BD4A3913B}
		{D6AD9C64-CCA3-45BF-890C-54309E1455FC} = {66A4F4E4-6A67-479D-8650-013BD4A3913B}
		{F2624E1E-8C78-4E8C-B684-735BA3DCF68E} = {66A4F4E4-6A67-479D-8650-013BD4A3913B}
		{A3E878CD-9E52-4B9B-BD74-BADBCD45DBBB} = {66A4F4E4-6A67-479D-8650-013BD4A3913B}
		{8B50D384-C134-4464-852D-C0E5C9A7C15A} = {C2963F98-E3FB-4444-A4CE-3A7FA00225AA}
	EndGlobalSection
	GlobalSection(ExtensibilityGlobals) = postSolution
		SolutionGuid = {8CEC16A9-B2F8-4F62-83CD-A3938068964F}
	EndGlobalSection
EndGlobal
