
Microsoft Visual Studio Solution File, Format Version 12.00
# Visual Studio 15
VisualStudioVersion = 15.0.26014.0
MinimumVisualStudioVersion = 10.0.40219.1
Project("{2150E333-8FDC-42A3-9474-1A3956D46DE8}") = "Core", "Core", "{12CEDB9A-3A24-441F-9787-8D0AA48D77C6}"
EndProject
Project("{9A19103F-16F7-4668-BE54-9A1E7A4F7556}") = "SF.Abstractions", "Core\SF.Abstractions\SF.Abstractions.csproj", "{E0176DBC-9D8B-4D0D-B746-9A672DB22BB2}"
EndProject
Project("{9A19103F-16F7-4668-BE54-9A1E7A4F7556}") = "SF.CoreServices", "Core\SF.CoreServices\SF.CoreServices.csproj", "{62D6AD46-9F9F-41C3-835E-464CDDD51ED1}"
EndProject
Project("{9A19103F-16F7-4668-BE54-9A1E7A4F7556}") = "SF.UnitTest", "Core\SF.UnitTest\SF.UnitTest.csproj", "{B337BA22-56AF-4877-B328-AA4ED6D0AF28}"
EndProject
Project("{9A19103F-16F7-4668-BE54-9A1E7A4F7556}") = "SF.Extensions", "Core\SF.Extensions\SF.Extensions.csproj", "{EB5B263E-6BF1-4911-A438-853598544DAC}"
EndProject
Global
	GlobalSection(SolutionConfigurationPlatforms) = preSolution
		Debug|Any CPU = Debug|Any CPU
		Debug|x64 = Debug|x64
		Debug|x86 = Debug|x86
		Release|Any CPU = Release|Any CPU
		Release|x64 = Release|x64
		Release|x86 = Release|x86
	EndGlobalSection
	GlobalSection(ProjectConfigurationPlatforms) = postSolution
		{E0176DBC-9D8B-4D0D-B746-9A672DB22BB2}.Debug|Any CPU.ActiveCfg = Debug|Any CPU
		{E0176DBC-9D8B-4D0D-B746-9A672DB22BB2}.Debug|Any CPU.Build.0 = Debug|Any CPU
		{E0176DBC-9D8B-4D0D-B746-9A672DB22BB2}.Debug|x64.ActiveCfg = Debug|x64
		{E0176DBC-9D8B-4D0D-B746-9A672DB22BB2}.Debug|x64.Build.0 = Debug|x64
		{E0176DBC-9D8B-4D0D-B746-9A672DB22BB2}.Debug|x86.ActiveCfg = Debug|x86
		{E0176DBC-9D8B-4D0D-B746-9A672DB22BB2}.Debug|x86.Build.0 = Debug|x86
		{E0176DBC-9D8B-4D0D-B746-9A672DB22BB2}.Release|Any CPU.ActiveCfg = Release|Any CPU
		{E0176DBC-9D8B-4D0D-B746-9A672DB22BB2}.Release|Any CPU.Build.0 = Release|Any CPU
		{E0176DBC-9D8B-4D0D-B746-9A672DB22BB2}.Release|x64.ActiveCfg = Release|x64
		{E0176DBC-9D8B-4D0D-B746-9A672DB22BB2}.Release|x64.Build.0 = Release|x64
		{E0176DBC-9D8B-4D0D-B746-9A672DB22BB2}.Release|x86.ActiveCfg = Release|x86
		{E0176DBC-9D8B-4D0D-B746-9A672DB22BB2}.Release|x86.Build.0 = Release|x86
		{62D6AD46-9F9F-41C3-835E-464CDDD51ED1}.Debug|Any CPU.ActiveCfg = Debug|Any CPU
		{62D6AD46-9F9F-41C3-835E-464CDDD51ED1}.Debug|Any CPU.Build.0 = Debug|Any CPU
		{62D6AD46-9F9F-41C3-835E-464CDDD51ED1}.Debug|x64.ActiveCfg = Debug|x64
		{62D6AD46-9F9F-41C3-835E-464CDDD51ED1}.Debug|x64.Build.0 = Debug|x64
		{62D6AD46-9F9F-41C3-835E-464CDDD51ED1}.Debug|x86.ActiveCfg = Debug|x86
		{62D6AD46-9F9F-41C3-835E-464CDDD51ED1}.Debug|x86.Build.0 = Debug|x86
		{62D6AD46-9F9F-41C3-835E-464CDDD51ED1}.Release|Any CPU.ActiveCfg = Release|Any CPU
		{62D6AD46-9F9F-41C3-835E-464CDDD51ED1}.Release|Any CPU.Build.0 = Release|Any CPU
		{62D6AD46-9F9F-41C3-835E-464CDDD51ED1}.Release|x64.ActiveCfg = Release|x64
		{62D6AD46-9F9F-41C3-835E-464CDDD51ED1}.Release|x64.Build.0 = Release|x64
		{62D6AD46-9F9F-41C3-835E-464CDDD51ED1}.Release|x86.ActiveCfg = Release|x86
		{62D6AD46-9F9F-41C3-835E-464CDDD51ED1}.Release|x86.Build.0 = Release|x86
		{B337BA22-56AF-4877-B328-AA4ED6D0AF28}.Debug|Any CPU.ActiveCfg = Debug|Any CPU
		{B337BA22-56AF-4877-B328-AA4ED6D0AF28}.Debug|Any CPU.Build.0 = Debug|Any CPU
		{B337BA22-56AF-4877-B328-AA4ED6D0AF28}.Debug|x64.ActiveCfg = Debug|x64
		{B337BA22-56AF-4877-B328-AA4ED6D0AF28}.Debug|x64.Build.0 = Debug|x64
		{B337BA22-56AF-4877-B328-AA4ED6D0AF28}.Debug|x86.ActiveCfg = Debug|x86
		{B337BA22-56AF-4877-B328-AA4ED6D0AF28}.Debug|x86.Build.0 = Debug|x86
		{B337BA22-56AF-4877-B328-AA4ED6D0AF28}.Release|Any CPU.ActiveCfg = Release|Any CPU
		{B337BA22-56AF-4877-B328-AA4ED6D0AF28}.Release|Any CPU.Build.0 = Release|Any CPU
		{B337BA22-56AF-4877-B328-AA4ED6D0AF28}.Release|x64.ActiveCfg = Release|x64
		{B337BA22-56AF-4877-B328-AA4ED6D0AF28}.Release|x64.Build.0 = Release|x64
		{B337BA22-56AF-4877-B328-AA4ED6D0AF28}.Release|x86.ActiveCfg = Release|x86
		{B337BA22-56AF-4877-B328-AA4ED6D0AF28}.Release|x86.Build.0 = Release|x86
		{EB5B263E-6BF1-4911-A438-853598544DAC}.Debug|Any CPU.ActiveCfg = Debug|Any CPU
		{EB5B263E-6BF1-4911-A438-853598544DAC}.Debug|Any CPU.Build.0 = Debug|Any CPU
		{EB5B263E-6BF1-4911-A438-853598544DAC}.Debug|x64.ActiveCfg = Debug|x64
		{EB5B263E-6BF1-4911-A438-853598544DAC}.Debug|x64.Build.0 = Debug|x64
		{EB5B263E-6BF1-4911-A438-853598544DAC}.Debug|x86.ActiveCfg = Debug|x86
		{EB5B263E-6BF1-4911-A438-853598544DAC}.Debug|x86.Build.0 = Debug|x86
		{EB5B263E-6BF1-4911-A438-853598544DAC}.Release|Any CPU.ActiveCfg = Release|Any CPU
		{EB5B263E-6BF1-4911-A438-853598544DAC}.Release|Any CPU.Build.0 = Release|Any CPU
		{EB5B263E-6BF1-4911-A438-853598544DAC}.Release|x64.ActiveCfg = Release|x64
		{EB5B263E-6BF1-4911-A438-853598544DAC}.Release|x64.Build.0 = Release|x64
		{EB5B263E-6BF1-4911-A438-853598544DAC}.Release|x86.ActiveCfg = Release|x86
		{EB5B263E-6BF1-4911-A438-853598544DAC}.Release|x86.Build.0 = Release|x86
	EndGlobalSection
	GlobalSection(SolutionProperties) = preSolution
		HideSolutionNode = FALSE
	EndGlobalSection
	GlobalSection(NestedProjects) = preSolution
		{E0176DBC-9D8B-4D0D-B746-9A672DB22BB2} = {12CEDB9A-3A24-441F-9787-8D0AA48D77C6}
		{62D6AD46-9F9F-41C3-835E-464CDDD51ED1} = {12CEDB9A-3A24-441F-9787-8D0AA48D77C6}
		{B337BA22-56AF-4877-B328-AA4ED6D0AF28} = {12CEDB9A-3A24-441F-9787-8D0AA48D77C6}
		{EB5B263E-6BF1-4911-A438-853598544DAC} = {12CEDB9A-3A24-441F-9787-8D0AA48D77C6}
	EndGlobalSection
EndGlobal
