
Microsoft Visual Studio Solution File, Format Version 12.00
# Visual Studio 14
VisualStudioVersion = 14.0.25420.1
MinimumVisualStudioVersion = 10.0.40219.1
Project("{2150E333-8FDC-42A3-9474-1A3956D46DE8}") = "Core", "Core", "{66A4F4E4-6A67-479D-8650-013BD4A3913B}"
EndProject
Project("{FAE04EC0-301F-11D3-BF4B-00C04F79EFBC}") = "SF.Core.net46", "Core\SF.Core\SF.Core.net46.csproj", "{41D9AE65-A06C-4BE9-B53E-69707D9157C6}"
EndProject
Global
	GlobalSection(SolutionConfigurationPlatforms) = preSolution
		Debug|Any CPU = Debug|Any CPU
		Release|Any CPU = Release|Any CPU
	EndGlobalSection
	GlobalSection(ProjectConfigurationPlatforms) = postSolution
		{41D9AE65-A06C-4BE9-B53E-69707D9157C6}.Debug|Any CPU.ActiveCfg = Debug|Any CPU
		{41D9AE65-A06C-4BE9-B53E-69707D9157C6}.Debug|Any CPU.Build.0 = Debug|Any CPU
		{41D9AE65-A06C-4BE9-B53E-69707D9157C6}.Release|Any CPU.ActiveCfg = Release|Any CPU
		{41D9AE65-A06C-4BE9-B53E-69707D9157C6}.Release|Any CPU.Build.0 = Release|Any CPU
	EndGlobalSection
	GlobalSection(SolutionProperties) = preSolution
		HideSolutionNode = FALSE
	EndGlobalSection
	GlobalSection(NestedProjects) = preSolution
		{41D9AE65-A06C-4BE9-B53E-69707D9157C6} = {66A4F4E4-6A67-479D-8650-013BD4A3913B}
	EndGlobalSection
EndGlobal
