
Microsoft Visual Studio Solution File, Format Version 12.00
# Visual Studio 15
VisualStudioVersion = 15.0.26730.10
MinimumVisualStudioVersion = 10.0.40219.1
Project("{2150E333-8FDC-42A3-9474-1A3956D46DE8}") = "Core", "Core", "{66A4F4E4-6A67-479D-8650-013BD4A3913B}"
EndProject
Project("{2150E333-8FDC-42A3-9474-1A3956D46DE8}") = "Implements", "Implements", "{5ADFB606-7537-4C30-A712-663E4DDCED81}"
EndProject
Project("{2150E333-8FDC-42A3-9474-1A3956D46DE8}") = "old", "old", "{0EEC0D2E-C1CB-4EDF-BB2F-42E0631DF139}"
EndProject
Project("{2150E333-8FDC-42A3-9474-1A3956D46DE8}") = "Test", "Test", "{71A662FA-FB00-440F-A5C5-4102E150E680}"
EndProject
Project("{2150E333-8FDC-42A3-9474-1A3956D46DE8}") = "Sites", "Sites", "{8E28520B-F54B-4C69-A62D-D5C7195031C4}"
EndProject
Project("{FAE04EC0-301F-11D3-BF4B-00C04F79EFBC}") = "SF.AdminSite", "Server\Sites\SF.AdminSite\SF.AdminSite.csproj", "{CE536CE6-D560-4A97-AB5D-B4AB8763CCF7}"
EndProject
Project("{FAE04EC0-301F-11D3-BF4B-00C04F79EFBC}") = "SF.AspNet", "Server\Core\SF.AspNet\SF.AspNet.csproj", "{18684B2F-39E2-46A0-8528-754660B8577B}"
EndProject
Project("{FAE04EC0-301F-11D3-BF4B-00C04F79EFBC}") = "SF.Data.Storage.EF6", "Server\Implements\SF.Data.Storage.EF6\SF.Data.Storage.EF6.csproj", "{0BACD331-8E70-451B-B290-06DCC35324BF}"
EndProject
Project("{2150E333-8FDC-42A3-9474-1A3956D46DE8}") = "Common", "Common", "{21ADA552-95B6-443B-BEDB-8A420182B2E3}"
EndProject
Project("{FAE04EC0-301F-11D3-BF4B-00C04F79EFBC}") = "SF.Services.dotNetFramework", "Server\Implements\SF.Services.dotNetFramework\SF.Services.dotNetFramework.csproj", "{1111E437-2D49-4773-83DF-BA42F6CA20F8}"
EndProject
Project("{2150E333-8FDC-42A3-9474-1A3956D46DE8}") = "Biz", "Biz", "{7FB34344-E354-4075-8F29-A0AAD2EF72D4}"
EndProject
Project("{9A19103F-16F7-4668-BE54-9A1E7A4F7556}") = "SF.Abstractions", "Server\Core\SF.Abstractions\SF.Abstractions.csproj", "{8880140E-8868-4B08-880E-DC3E0BC10D76}"
EndProject
Project("{9A19103F-16F7-4668-BE54-9A1E7A4F7556}") = "SF.Extensions", "Server\Core\SF.Extensions\SF.Extensions.csproj", "{D6AD9C64-CCA3-45BF-890C-54309E1455FC}"
EndProject
Project("{9A19103F-16F7-4668-BE54-9A1E7A4F7556}") = "SF.Implements", "Server\Core\SF.Implements\SF.Implements.csproj", "{F2624E1E-8C78-4E8C-B684-735BA3DCF68E}"
EndProject
Project("{9A19103F-16F7-4668-BE54-9A1E7A4F7556}") = "SF.Interception", "Server\Core\SF.Interception\SF.Interception.csproj", "{A3E878CD-9E52-4B9B-BD74-BADBCD45DBBB}"
EndProject
Project("{2150E333-8FDC-42A3-9474-1A3956D46DE8}") = "Applications", "Applications", "{C2963F98-E3FB-4444-A4CE-3A7FA00225AA}"
EndProject
Project("{9A19103F-16F7-4668-BE54-9A1E7A4F7556}") = "SF.Data.Storage.EFCore", "Server\Implements\SF.Data.Storage.EFCore\SF.Data.Storage.EFCore.csproj", "{FE8C6E9C-53DF-4B21-9459-485A37D4CEA7}"
EndProject
Project("{9A19103F-16F7-4668-BE54-9A1E7A4F7556}") = "SF.Core.MicrosoftExtensions", "Server\Implements\SF.Core.MicrosoftExtensions\SF.Core.MicrosoftExtensions.csproj", "{BD3BBEBD-3653-43B0-A467-9B295496F86E}"
EndProject
Project("{9A19103F-16F7-4668-BE54-9A1E7A4F7556}") = "SF.Support", "Server\Core\SF.Support\SF.Support.csproj", "{C3A9CF66-0C47-4EA9-8DC5-FB58769221B5}"
EndProject
Project("{9A19103F-16F7-4668-BE54-9A1E7A4F7556}") = "SF.Common.Abstractions", "Server\Common\SF.Common.Abstractions\SF.Common.Abstractions.csproj", "{540ED117-F2EA-4841-90F5-19F81F65E8C5}"
EndProject
Project("{9A19103F-16F7-4668-BE54-9A1E7A4F7556}") = "SF.Common.Extensions", "Server\Common\SF.Common.Extensions\SF.Common.Extensions.csproj", "{BD66425A-7F2E-4446-851A-D9AF29F32627}"
EndProject
Project("{9A19103F-16F7-4668-BE54-9A1E7A4F7556}") = "SF.Common.Implements", "Server\Common\SF.Common.Implements\SF.Common.Implements.csproj", "{10C167E0-D74E-458D-A245-C118483D6939}"
EndProject
Project("{FAE04EC0-301F-11D3-BF4B-00C04F79EFBC}") = "SF.App.net46", "Server\Applications\SF.App.net46\SF.App.net46.csproj", "{094850BB-29F4-41A5-B586-97804A302BE0}"
EndProject
Project("{9A19103F-16F7-4668-BE54-9A1E7A4F7556}") = "SF.App.Core", "Server\Applications\SF.App.Core\SF.App.Core.csproj", "{CF20FA89-703F-4A75-98C8-35DE47115E7F}"
EndProject
Project("{FAE04EC0-301F-11D3-BF4B-00C04F79EFBC}") = "SF.UT.Core", "Server\Test\SF.UT.Core\SF.UT.Core.csproj", "{AA81972D-0F60-4A52-BBE8-63EB8831F5A6}"
EndProject
Project("{9A19103F-16F7-4668-BE54-9A1E7A4F7556}") = "SF.Biz.Implements", "Server\Biz\SF.Biz.Implements\SF.Biz.Implements.csproj", "{B0B411B0-E59C-4593-A83C-7819974F874B}"
EndProject
Project("{9A19103F-16F7-4668-BE54-9A1E7A4F7556}") = "SF.Biz.Extensions", "Server\Biz\SF.Biz.Extensions\SF.Biz.Extensions.csproj", "{042C3B6A-AC1F-48A3-8936-F0C3CF942EB9}"
EndProject
Project("{9A19103F-16F7-4668-BE54-9A1E7A4F7556}") = "SF.Biz.Abstractions", "Server\Biz\SF.Biz.Abstractions\SF.Biz.Abstractions.csproj", "{7ABD734C-FCEE-4CE0-A126-3D9816B37731}"
EndProject
Project("{9A19103F-16F7-4668-BE54-9A1E7A4F7556}") = "SF.AdminSiteCore2", "Server\Sites\SF.AdminSiteCore2\SF.AdminSiteCore2.csproj", "{17148021-8D02-488E-8392-A27BD42CAFF3}"
EndProject
Project("{9A19103F-16F7-4668-BE54-9A1E7A4F7556}") = "SF.AspNetCore", "Server\Core\SF.AspNetCore\SF.AspNetCore.csproj", "{567EA1F7-CC6F-4B0D-9F3F-5AA11B8EBE0E}"
EndProject
Project("{2150E333-8FDC-42A3-9474-1A3956D46DE8}") = "Demo", "Demo", "{2EB92F6A-F55C-4B5C-9BB1-A74CFEE13C84}"
EndProject
Project("{2150E333-8FDC-42A3-9474-1A3956D46DE8}") = "Hygou", "Hygou", "{A58E1A39-F196-44DA-BAFA-A5073C82AFC1}"
EndProject
Project("{9A19103F-16F7-4668-BE54-9A1E7A4F7556}") = "Hygou.Bizness", "Demo\Hygou\Hygou.Bizness\Hygou.Bizness.csproj", "{354DC3B0-38FE-4962-9F38-031B8C6E365F}"
EndProject
Project("{9A19103F-16F7-4668-BE54-9A1E7A4F7556}") = "Hygou.Site", "Demo\Hygou\Hygou.Site\Hygou.Site.csproj", "{496B216F-9653-4A3A-A1D3-33EFCF1C4921}"
EndProject
Project("{FAE04EC0-301F-11D3-BF4B-00C04F79EFBC}") = "Hygou.Core2", "Demo\Hygou\Hygou.Core2\Hygou.Core2.csproj", "{DF4DD4E6-7315-4168-94BC-7ABD9EE8864C}"
EndProject
Global
	GlobalSection(SolutionConfigurationPlatforms) = preSolution
		Debug|Any CPU = Debug|Any CPU
		Release|Any CPU = Release|Any CPU
	EndGlobalSection
	GlobalSection(ProjectConfigurationPlatforms) = postSolution
		{CE536CE6-D560-4A97-AB5D-B4AB8763CCF7}.Debug|Any CPU.ActiveCfg = Debug|Any CPU
		{CE536CE6-D560-4A97-AB5D-B4AB8763CCF7}.Debug|Any CPU.Build.0 = Debug|Any CPU
		{CE536CE6-D560-4A97-AB5D-B4AB8763CCF7}.Release|Any CPU.ActiveCfg = Release|Any CPU
		{CE536CE6-D560-4A97-AB5D-B4AB8763CCF7}.Release|Any CPU.Build.0 = Release|Any CPU
		{18684B2F-39E2-46A0-8528-754660B8577B}.Debug|Any CPU.ActiveCfg = Debug|Any CPU
		{18684B2F-39E2-46A0-8528-754660B8577B}.Debug|Any CPU.Build.0 = Debug|Any CPU
		{18684B2F-39E2-46A0-8528-754660B8577B}.Release|Any CPU.ActiveCfg = Release|Any CPU
		{18684B2F-39E2-46A0-8528-754660B8577B}.Release|Any CPU.Build.0 = Release|Any CPU
		{0BACD331-8E70-451B-B290-06DCC35324BF}.Debug|Any CPU.ActiveCfg = Debug|Any CPU
		{0BACD331-8E70-451B-B290-06DCC35324BF}.Debug|Any CPU.Build.0 = Debug|Any CPU
		{0BACD331-8E70-451B-B290-06DCC35324BF}.Release|Any CPU.ActiveCfg = Release|Any CPU
		{0BACD331-8E70-451B-B290-06DCC35324BF}.Release|Any CPU.Build.0 = Release|Any CPU
		{1111E437-2D49-4773-83DF-BA42F6CA20F8}.Debug|Any CPU.ActiveCfg = Debug|Any CPU
		{1111E437-2D49-4773-83DF-BA42F6CA20F8}.Debug|Any CPU.Build.0 = Debug|Any CPU
		{1111E437-2D49-4773-83DF-BA42F6CA20F8}.Release|Any CPU.ActiveCfg = Release|Any CPU
		{1111E437-2D49-4773-83DF-BA42F6CA20F8}.Release|Any CPU.Build.0 = Release|Any CPU
		{8880140E-8868-4B08-880E-DC3E0BC10D76}.Debug|Any CPU.ActiveCfg = Debug|Any CPU
		{8880140E-8868-4B08-880E-DC3E0BC10D76}.Debug|Any CPU.Build.0 = Debug|Any CPU
		{8880140E-8868-4B08-880E-DC3E0BC10D76}.Release|Any CPU.ActiveCfg = Release|Any CPU
		{8880140E-8868-4B08-880E-DC3E0BC10D76}.Release|Any CPU.Build.0 = Release|Any CPU
		{D6AD9C64-CCA3-45BF-890C-54309E1455FC}.Debug|Any CPU.ActiveCfg = Debug|Any CPU
		{D6AD9C64-CCA3-45BF-890C-54309E1455FC}.Debug|Any CPU.Build.0 = Debug|Any CPU
		{D6AD9C64-CCA3-45BF-890C-54309E1455FC}.Release|Any CPU.ActiveCfg = Release|Any CPU
		{D6AD9C64-CCA3-45BF-890C-54309E1455FC}.Release|Any CPU.Build.0 = Release|Any CPU
		{F2624E1E-8C78-4E8C-B684-735BA3DCF68E}.Debug|Any CPU.ActiveCfg = Debug|Any CPU
		{F2624E1E-8C78-4E8C-B684-735BA3DCF68E}.Debug|Any CPU.Build.0 = Debug|Any CPU
		{F2624E1E-8C78-4E8C-B684-735BA3DCF68E}.Release|Any CPU.ActiveCfg = Release|Any CPU
		{F2624E1E-8C78-4E8C-B684-735BA3DCF68E}.Release|Any CPU.Build.0 = Release|Any CPU
		{A3E878CD-9E52-4B9B-BD74-BADBCD45DBBB}.Debug|Any CPU.ActiveCfg = Debug|Any CPU
		{A3E878CD-9E52-4B9B-BD74-BADBCD45DBBB}.Debug|Any CPU.Build.0 = Debug|Any CPU
		{A3E878CD-9E52-4B9B-BD74-BADBCD45DBBB}.Release|Any CPU.ActiveCfg = Release|Any CPU
		{A3E878CD-9E52-4B9B-BD74-BADBCD45DBBB}.Release|Any CPU.Build.0 = Release|Any CPU
		{FE8C6E9C-53DF-4B21-9459-485A37D4CEA7}.Debug|Any CPU.ActiveCfg = Debug|Any CPU
		{FE8C6E9C-53DF-4B21-9459-485A37D4CEA7}.Debug|Any CPU.Build.0 = Debug|Any CPU
		{FE8C6E9C-53DF-4B21-9459-485A37D4CEA7}.Release|Any CPU.ActiveCfg = Release|Any CPU
		{FE8C6E9C-53DF-4B21-9459-485A37D4CEA7}.Release|Any CPU.Build.0 = Release|Any CPU
		{BD3BBEBD-3653-43B0-A467-9B295496F86E}.Debug|Any CPU.ActiveCfg = Debug|Any CPU
		{BD3BBEBD-3653-43B0-A467-9B295496F86E}.Debug|Any CPU.Build.0 = Debug|Any CPU
		{BD3BBEBD-3653-43B0-A467-9B295496F86E}.Release|Any CPU.ActiveCfg = Release|Any CPU
		{BD3BBEBD-3653-43B0-A467-9B295496F86E}.Release|Any CPU.Build.0 = Release|Any CPU
		{C3A9CF66-0C47-4EA9-8DC5-FB58769221B5}.Debug|Any CPU.ActiveCfg = Debug|Any CPU
		{C3A9CF66-0C47-4EA9-8DC5-FB58769221B5}.Debug|Any CPU.Build.0 = Debug|Any CPU
		{C3A9CF66-0C47-4EA9-8DC5-FB58769221B5}.Release|Any CPU.ActiveCfg = Release|Any CPU
		{C3A9CF66-0C47-4EA9-8DC5-FB58769221B5}.Release|Any CPU.Build.0 = Release|Any CPU
		{540ED117-F2EA-4841-90F5-19F81F65E8C5}.Debug|Any CPU.ActiveCfg = Debug|Any CPU
		{540ED117-F2EA-4841-90F5-19F81F65E8C5}.Debug|Any CPU.Build.0 = Debug|Any CPU
		{540ED117-F2EA-4841-90F5-19F81F65E8C5}.Release|Any CPU.ActiveCfg = Release|Any CPU
		{540ED117-F2EA-4841-90F5-19F81F65E8C5}.Release|Any CPU.Build.0 = Release|Any CPU
		{BD66425A-7F2E-4446-851A-D9AF29F32627}.Debug|Any CPU.ActiveCfg = Debug|Any CPU
		{BD66425A-7F2E-4446-851A-D9AF29F32627}.Debug|Any CPU.Build.0 = Debug|Any CPU
		{BD66425A-7F2E-4446-851A-D9AF29F32627}.Release|Any CPU.ActiveCfg = Release|Any CPU
		{BD66425A-7F2E-4446-851A-D9AF29F32627}.Release|Any CPU.Build.0 = Release|Any CPU
		{10C167E0-D74E-458D-A245-C118483D6939}.Debug|Any CPU.ActiveCfg = Debug|Any CPU
		{10C167E0-D74E-458D-A245-C118483D6939}.Debug|Any CPU.Build.0 = Debug|Any CPU
		{10C167E0-D74E-458D-A245-C118483D6939}.Release|Any CPU.ActiveCfg = Release|Any CPU
		{10C167E0-D74E-458D-A245-C118483D6939}.Release|Any CPU.Build.0 = Release|Any CPU
		{094850BB-29F4-41A5-B586-97804A302BE0}.Debug|Any CPU.ActiveCfg = Debug|Any CPU
		{094850BB-29F4-41A5-B586-97804A302BE0}.Debug|Any CPU.Build.0 = Debug|Any CPU
		{094850BB-29F4-41A5-B586-97804A302BE0}.Release|Any CPU.ActiveCfg = Release|Any CPU
		{094850BB-29F4-41A5-B586-97804A302BE0}.Release|Any CPU.Build.0 = Release|Any CPU
		{CF20FA89-703F-4A75-98C8-35DE47115E7F}.Debug|Any CPU.ActiveCfg = Debug|Any CPU
		{CF20FA89-703F-4A75-98C8-35DE47115E7F}.Debug|Any CPU.Build.0 = Debug|Any CPU
		{CF20FA89-703F-4A75-98C8-35DE47115E7F}.Release|Any CPU.ActiveCfg = Release|Any CPU
		{CF20FA89-703F-4A75-98C8-35DE47115E7F}.Release|Any CPU.Build.0 = Release|Any CPU
		{AA81972D-0F60-4A52-BBE8-63EB8831F5A6}.Debug|Any CPU.ActiveCfg = Debug|Any CPU
		{AA81972D-0F60-4A52-BBE8-63EB8831F5A6}.Debug|Any CPU.Build.0 = Debug|Any CPU
		{AA81972D-0F60-4A52-BBE8-63EB8831F5A6}.Release|Any CPU.ActiveCfg = Release|Any CPU
		{AA81972D-0F60-4A52-BBE8-63EB8831F5A6}.Release|Any CPU.Build.0 = Release|Any CPU
		{B0B411B0-E59C-4593-A83C-7819974F874B}.Debug|Any CPU.ActiveCfg = Debug|Any CPU
		{B0B411B0-E59C-4593-A83C-7819974F874B}.Debug|Any CPU.Build.0 = Debug|Any CPU
		{B0B411B0-E59C-4593-A83C-7819974F874B}.Release|Any CPU.ActiveCfg = Release|Any CPU
		{B0B411B0-E59C-4593-A83C-7819974F874B}.Release|Any CPU.Build.0 = Release|Any CPU
		{042C3B6A-AC1F-48A3-8936-F0C3CF942EB9}.Debug|Any CPU.ActiveCfg = Debug|Any CPU
		{042C3B6A-AC1F-48A3-8936-F0C3CF942EB9}.Debug|Any CPU.Build.0 = Debug|Any CPU
		{042C3B6A-AC1F-48A3-8936-F0C3CF942EB9}.Release|Any CPU.ActiveCfg = Release|Any CPU
		{042C3B6A-AC1F-48A3-8936-F0C3CF942EB9}.Release|Any CPU.Build.0 = Release|Any CPU
		{7ABD734C-FCEE-4CE0-A126-3D9816B37731}.Debug|Any CPU.ActiveCfg = Debug|Any CPU
		{7ABD734C-FCEE-4CE0-A126-3D9816B37731}.Debug|Any CPU.Build.0 = Debug|Any CPU
		{7ABD734C-FCEE-4CE0-A126-3D9816B37731}.Release|Any CPU.ActiveCfg = Release|Any CPU
		{7ABD734C-FCEE-4CE0-A126-3D9816B37731}.Release|Any CPU.Build.0 = Release|Any CPU
		{17148021-8D02-488E-8392-A27BD42CAFF3}.Debug|Any CPU.ActiveCfg = Debug|Any CPU
		{17148021-8D02-488E-8392-A27BD42CAFF3}.Debug|Any CPU.Build.0 = Debug|Any CPU
		{17148021-8D02-488E-8392-A27BD42CAFF3}.Release|Any CPU.ActiveCfg = Release|Any CPU
		{17148021-8D02-488E-8392-A27BD42CAFF3}.Release|Any CPU.Build.0 = Release|Any CPU
		{567EA1F7-CC6F-4B0D-9F3F-5AA11B8EBE0E}.Debug|Any CPU.ActiveCfg = Debug|Any CPU
		{567EA1F7-CC6F-4B0D-9F3F-5AA11B8EBE0E}.Debug|Any CPU.Build.0 = Debug|Any CPU
		{567EA1F7-CC6F-4B0D-9F3F-5AA11B8EBE0E}.Release|Any CPU.ActiveCfg = Release|Any CPU
		{567EA1F7-CC6F-4B0D-9F3F-5AA11B8EBE0E}.Release|Any CPU.Build.0 = Release|Any CPU
		{354DC3B0-38FE-4962-9F38-031B8C6E365F}.Debug|Any CPU.ActiveCfg = Debug|Any CPU
		{354DC3B0-38FE-4962-9F38-031B8C6E365F}.Debug|Any CPU.Build.0 = Debug|Any CPU
		{354DC3B0-38FE-4962-9F38-031B8C6E365F}.Release|Any CPU.ActiveCfg = Release|Any CPU
		{354DC3B0-38FE-4962-9F38-031B8C6E365F}.Release|Any CPU.Build.0 = Release|Any CPU
		{496B216F-9653-4A3A-A1D3-33EFCF1C4921}.Debug|Any CPU.ActiveCfg = Debug|Any CPU
		{496B216F-9653-4A3A-A1D3-33EFCF1C4921}.Debug|Any CPU.Build.0 = Debug|Any CPU
		{496B216F-9653-4A3A-A1D3-33EFCF1C4921}.Release|Any CPU.ActiveCfg = Release|Any CPU
		{496B216F-9653-4A3A-A1D3-33EFCF1C4921}.Release|Any CPU.Build.0 = Release|Any CPU
		{DF4DD4E6-7315-4168-94BC-7ABD9EE8864C}.Debug|Any CPU.ActiveCfg = Debug|Any CPU
		{DF4DD4E6-7315-4168-94BC-7ABD9EE8864C}.Debug|Any CPU.Build.0 = Debug|Any CPU
		{DF4DD4E6-7315-4168-94BC-7ABD9EE8864C}.Release|Any CPU.ActiveCfg = Release|Any CPU
		{DF4DD4E6-7315-4168-94BC-7ABD9EE8864C}.Release|Any CPU.Build.0 = Release|Any CPU
	EndGlobalSection
	GlobalSection(SolutionProperties) = preSolution
		HideSolutionNode = FALSE
	EndGlobalSection
	GlobalSection(NestedProjects) = preSolution
		{CE536CE6-D560-4A97-AB5D-B4AB8763CCF7} = {8E28520B-F54B-4C69-A62D-D5C7195031C4}
		{18684B2F-39E2-46A0-8528-754660B8577B} = {66A4F4E4-6A67-479D-8650-013BD4A3913B}
		{0BACD331-8E70-451B-B290-06DCC35324BF} = {5ADFB606-7537-4C30-A712-663E4DDCED81}
		{1111E437-2D49-4773-83DF-BA42F6CA20F8} = {5ADFB606-7537-4C30-A712-663E4DDCED81}
		{8880140E-8868-4B08-880E-DC3E0BC10D76} = {66A4F4E4-6A67-479D-8650-013BD4A3913B}
		{D6AD9C64-CCA3-45BF-890C-54309E1455FC} = {66A4F4E4-6A67-479D-8650-013BD4A3913B}
		{F2624E1E-8C78-4E8C-B684-735BA3DCF68E} = {66A4F4E4-6A67-479D-8650-013BD4A3913B}
		{A3E878CD-9E52-4B9B-BD74-BADBCD45DBBB} = {66A4F4E4-6A67-479D-8650-013BD4A3913B}
		{FE8C6E9C-53DF-4B21-9459-485A37D4CEA7} = {5ADFB606-7537-4C30-A712-663E4DDCED81}
		{BD3BBEBD-3653-43B0-A467-9B295496F86E} = {5ADFB606-7537-4C30-A712-663E4DDCED81}
		{C3A9CF66-0C47-4EA9-8DC5-FB58769221B5} = {66A4F4E4-6A67-479D-8650-013BD4A3913B}
		{540ED117-F2EA-4841-90F5-19F81F65E8C5} = {21ADA552-95B6-443B-BEDB-8A420182B2E3}
		{BD66425A-7F2E-4446-851A-D9AF29F32627} = {21ADA552-95B6-443B-BEDB-8A420182B2E3}
		{10C167E0-D74E-458D-A245-C118483D6939} = {21ADA552-95B6-443B-BEDB-8A420182B2E3}
		{094850BB-29F4-41A5-B586-97804A302BE0} = {C2963F98-E3FB-4444-A4CE-3A7FA00225AA}
		{CF20FA89-703F-4A75-98C8-35DE47115E7F} = {C2963F98-E3FB-4444-A4CE-3A7FA00225AA}
		{AA81972D-0F60-4A52-BBE8-63EB8831F5A6} = {71A662FA-FB00-440F-A5C5-4102E150E680}
		{B0B411B0-E59C-4593-A83C-7819974F874B} = {7FB34344-E354-4075-8F29-A0AAD2EF72D4}
		{042C3B6A-AC1F-48A3-8936-F0C3CF942EB9} = {7FB34344-E354-4075-8F29-A0AAD2EF72D4}
		{7ABD734C-FCEE-4CE0-A126-3D9816B37731} = {7FB34344-E354-4075-8F29-A0AAD2EF72D4}
		{17148021-8D02-488E-8392-A27BD42CAFF3} = {8E28520B-F54B-4C69-A62D-D5C7195031C4}
		{567EA1F7-CC6F-4B0D-9F3F-5AA11B8EBE0E} = {66A4F4E4-6A67-479D-8650-013BD4A3913B}
		{A58E1A39-F196-44DA-BAFA-A5073C82AFC1} = {2EB92F6A-F55C-4B5C-9BB1-A74CFEE13C84}
		{354DC3B0-38FE-4962-9F38-031B8C6E365F} = {A58E1A39-F196-44DA-BAFA-A5073C82AFC1}
		{496B216F-9653-4A3A-A1D3-33EFCF1C4921} = {A58E1A39-F196-44DA-BAFA-A5073C82AFC1}
		{DF4DD4E6-7315-4168-94BC-7ABD9EE8864C} = {A58E1A39-F196-44DA-BAFA-A5073C82AFC1}
	EndGlobalSection
	GlobalSection(ExtensibilityGlobals) = postSolution
		SolutionGuid = {8CEC16A9-B2F8-4F62-83CD-A3938068964F}
	EndGlobalSection
EndGlobal
