
Microsoft Visual Studio Solution File, Format Version 12.00
# Visual Studio 15
VisualStudioVersion = 15.0.27004.2009
MinimumVisualStudioVersion = 10.0.40219.1
Project("{2150E333-8FDC-42A3-9474-1A3956D46DE8}") = "Core", "Core", "{66A4F4E4-6A67-479D-8650-013BD4A3913B}"
EndProject
Project("{2150E333-8FDC-42A3-9474-1A3956D46DE8}") = "Implements", "Implements", "{5ADFB606-7537-4C30-A712-663E4DDCED81}"
EndProject
Project("{2150E333-8FDC-42A3-9474-1A3956D46DE8}") = "Test", "Test", "{71A662FA-FB00-440F-A5C5-4102E150E680}"
EndProject
Project("{2150E333-8FDC-42A3-9474-1A3956D46DE8}") = "Sites", "Sites", "{8E28520B-F54B-4C69-A62D-D5C7195031C4}"
EndProject
Project("{2150E333-8FDC-42A3-9474-1A3956D46DE8}") = "Common", "Common", "{21ADA552-95B6-443B-BEDB-8A420182B2E3}"
EndProject
Project("{2150E333-8FDC-42A3-9474-1A3956D46DE8}") = "Biz", "Biz", "{7FB34344-E354-4075-8F29-A0AAD2EF72D4}"
EndProject
Project("{9A19103F-16F7-4668-BE54-9A1E7A4F7556}") = "SF.Abstractions", "Server\Core\SF.Abstractions\SF.Abstractions.csproj", "{8880140E-8868-4B08-880E-DC3E0BC10D76}"
EndProject
Project("{9A19103F-16F7-4668-BE54-9A1E7A4F7556}") = "SF.Extensions", "Server\Core\SF.Extensions\SF.Extensions.csproj", "{D6AD9C64-CCA3-45BF-890C-54309E1455FC}"
EndProject
Project("{9A19103F-16F7-4668-BE54-9A1E7A4F7556}") = "SF.Implements", "Server\Core\SF.Implements\SF.Implements.csproj", "{F2624E1E-8C78-4E8C-B684-735BA3DCF68E}"
EndProject
Project("{9A19103F-16F7-4668-BE54-9A1E7A4F7556}") = "SF.Interception", "Server\Core\SF.Interception\SF.Interception.csproj", "{A3E878CD-9E52-4B9B-BD74-BADBCD45DBBB}"
EndProject
Project("{2150E333-8FDC-42A3-9474-1A3956D46DE8}") = "Applications", "Applications", "{C2963F98-E3FB-4444-A4CE-3A7FA00225AA}"
EndProject
Project("{9A19103F-16F7-4668-BE54-9A1E7A4F7556}") = "SF.Data.Storage.EFCore", "Server\Implements\SF.Data.Storage.EFCore\SF.Data.Storage.EFCore.csproj", "{FE8C6E9C-53DF-4B21-9459-485A37D4CEA7}"
EndProject
Project("{9A19103F-16F7-4668-BE54-9A1E7A4F7556}") = "SF.Core.MicrosoftExtensions", "Server\Implements\SF.Core.MicrosoftExtensions\SF.Core.MicrosoftExtensions.csproj", "{BD3BBEBD-3653-43B0-A467-9B295496F86E}"
EndProject
Project("{9A19103F-16F7-4668-BE54-9A1E7A4F7556}") = "SF.Support", "Server\Core\SF.Support\SF.Support.csproj", "{C3A9CF66-0C47-4EA9-8DC5-FB58769221B5}"
EndProject
Project("{9A19103F-16F7-4668-BE54-9A1E7A4F7556}") = "SF.Common.Abstractions", "Server\Common\SF.Common.Abstractions\SF.Common.Abstractions.csproj", "{540ED117-F2EA-4841-90F5-19F81F65E8C5}"
EndProject
Project("{9A19103F-16F7-4668-BE54-9A1E7A4F7556}") = "SF.Common.Extensions", "Server\Common\SF.Common.Extensions\SF.Common.Extensions.csproj", "{BD66425A-7F2E-4446-851A-D9AF29F32627}"
EndProject
Project("{9A19103F-16F7-4668-BE54-9A1E7A4F7556}") = "SF.Common.Implements", "Server\Common\SF.Common.Implements\SF.Common.Implements.csproj", "{10C167E0-D74E-458D-A245-C118483D6939}"
EndProject
Project("{9A19103F-16F7-4668-BE54-9A1E7A4F7556}") = "SF.App.Core", "Server\Applications\SF.App.Core\SF.App.Core.csproj", "{CF20FA89-703F-4A75-98C8-35DE47115E7F}"
EndProject
Project("{9A19103F-16F7-4668-BE54-9A1E7A4F7556}") = "SF.Biz.Implements", "Server\Biz\SF.Biz.Implements\SF.Biz.Implements.csproj", "{B0B411B0-E59C-4593-A83C-7819974F874B}"
EndProject
Project("{9A19103F-16F7-4668-BE54-9A1E7A4F7556}") = "SF.Biz.Extensions", "Server\Biz\SF.Biz.Extensions\SF.Biz.Extensions.csproj", "{042C3B6A-AC1F-48A3-8936-F0C3CF942EB9}"
EndProject
Project("{9A19103F-16F7-4668-BE54-9A1E7A4F7556}") = "SF.Biz.Abstractions", "Server\Biz\SF.Biz.Abstractions\SF.Biz.Abstractions.csproj", "{7ABD734C-FCEE-4CE0-A126-3D9816B37731}"
EndProject
Project("{9A19103F-16F7-4668-BE54-9A1E7A4F7556}") = "SF.AdminSiteCore2", "Server\Sites\SF.AdminSiteCore2\SF.AdminSiteCore2.csproj", "{17148021-8D02-488E-8392-A27BD42CAFF3}"
EndProject
Project("{9A19103F-16F7-4668-BE54-9A1E7A4F7556}") = "SF.AspNetCore", "Server\Core\SF.AspNetCore\SF.AspNetCore.csproj", "{567EA1F7-CC6F-4B0D-9F3F-5AA11B8EBE0E}"
EndProject
Project("{2150E333-8FDC-42A3-9474-1A3956D46DE8}") = "Demo", "Demo", "{2EB92F6A-F55C-4B5C-9BB1-A74CFEE13C84}"
EndProject
Project("{2150E333-8FDC-42A3-9474-1A3956D46DE8}") = "Hygou", "Hygou", "{A58E1A39-F196-44DA-BAFA-A5073C82AFC1}"
EndProject
Project("{9A19103F-16F7-4668-BE54-9A1E7A4F7556}") = "Hygou.Bizness", "Demo\Hygou\Hygou.Bizness\Hygou.Bizness.csproj", "{354DC3B0-38FE-4962-9F38-031B8C6E365F}"
EndProject
Project("{9A19103F-16F7-4668-BE54-9A1E7A4F7556}") = "Hygou.Site", "Demo\Hygou\Hygou.Site\Hygou.Site.csproj", "{496B216F-9653-4A3A-A1D3-33EFCF1C4921}"
EndProject
Project("{9A19103F-16F7-4668-BE54-9A1E7A4F7556}") = "Hygou.Core2", "Demo\Hygou\Hygou.Core2\Hygou.Core2.csproj", "{DF4DD4E6-7315-4168-94BC-7ABD9EE8864C}"
EndProject
Project("{9A19103F-16F7-4668-BE54-9A1E7A4F7556}") = "SF.UT.Core", "Server\Test\SF.UT.Core\SF.UT.Core.csproj", "{AE9FB9FC-E0CF-4D43-9397-0683125FBE66}"
EndProject
Project("{9A19103F-16F7-4668-BE54-9A1E7A4F7556}") = "SF.UnitTest", "Server\Core\SF.UnitTest\SF.UnitTest.csproj", "{63EF9768-72AF-49DF-B3E9-BFD07722DD02}"
EndProject
Project("{9A19103F-16F7-4668-BE54-9A1E7A4F7556}") = "SF.Drawing.ZKWeb", "Server\Implements\SF.Drawing.ZKWeb\SF.Drawing.ZKWeb.csproj", "{A56E0FA9-A9D1-42B1-8C89-08B9AE573699}"
EndProject
Project("{9A19103F-16F7-4668-BE54-9A1E7A4F7556}") = "SF.IdentityService.Abstractions", "Server\Common\SF.IdentityService.Abstractions\SF.IdentityService.Abstractions.csproj", "{6FDD038F-C69C-49D6-BD59-F3581E0E2B0F}"
EndProject
Project("{9A19103F-16F7-4668-BE54-9A1E7A4F7556}") = "SF.IdentityService.Implements", "Server\Common\SF.IdentityService.Implements\SF.IdentityService.Implements.csproj", "{F9363BCF-9AD5-4B47-B78F-74625A27894A}"
EndProject
Project("{9A19103F-16F7-4668-BE54-9A1E7A4F7556}") = "SF.IdentityService.IdentityServer4", "Server\Common\SF.IdentityService.IdentityServer4\SF.IdentityService.IdentityServer4.csproj", "{FF9D46EB-84B6-4831-BD19-0E0D87B5A118}"
EndProject
Project("{9A19103F-16F7-4668-BE54-9A1E7A4F7556}") = "SF.IdentityService.Extensions", "Server\Common\SF.IdentityService.Extensions\SF.IdentityService.Extensions.csproj", "{2E2D7688-7239-4E74-A90B-D150A337178D}"
EndProject
Project("{9A19103F-16F7-4668-BE54-9A1E7A4F7556}") = "Hygou.MSTest", "Demo\Hygou\Hygou.MSTest\Hygou.MSTest.csproj", "{501C5A9D-54FF-412A-88BD-27B5DD77CCF1}"
EndProject
Project("{2150E333-8FDC-42A3-9474-1A3956D46DE8}") = "Sys", "Sys", "{A44372D6-E1A5-47C8-ADC3-5DA147B11A1F}"
EndProject
Project("{9A19103F-16F7-4668-BE54-9A1E7A4F7556}") = "SF.Sys.Extensions", "Server\Sys\SF.Sys.Extensions\SF.Sys.Extensions.csproj", "{3BAF8E4D-B0BD-40AF-B6ED-FD9B77958DB0}"
EndProject
Project("{9A19103F-16F7-4668-BE54-9A1E7A4F7556}") = "SF.Sys.Validation", "Server\Sys\SF.Sys.Validation\SF.Sys.Validation.csproj", "{F5A53B17-E19F-40AA-A655-4C920FFA0068}"
EndProject
Project("{9A19103F-16F7-4668-BE54-9A1E7A4F7556}") = "SF.Sys.Reflection", "Server\Sys\SF.Sys.Reflection\SF.Sys.Reflection.csproj", "{90F37BBA-63B0-48EA-82A7-618FF8C56DBE}"
EndProject
Project("{9A19103F-16F7-4668-BE54-9A1E7A4F7556}") = "SF.Sys.Reflection.TypeBuilder", "Server\Sys\SF.Sys.Reflection.TypeBuilder\SF.Sys.Reflection.TypeBuilder.csproj", "{1F37286B-C178-4371-ACBA-32AFDB538855}"
EndProject
Project("{9A19103F-16F7-4668-BE54-9A1E7A4F7556}") = "SF.Sys.Linq.ContextQueryable", "Server\Sys\SF.Sys.Linq.ContextQueryable\SF.Sys.Linq.ContextQueryable.csproj", "{97D33D88-503F-4096-AEB0-B1592F18BA18}"
EndProject
Project("{9A19103F-16F7-4668-BE54-9A1E7A4F7556}") = "SF.Sys.Threading", "Server\Sys\SF.Sys.Threading\SF.Sys.Threading.csproj", "{BDACC9C8-E37F-4992-A76D-BF81B717FCB6}"
EndProject
Project("{9A19103F-16F7-4668-BE54-9A1E7A4F7556}") = "SF.Sys.Linq.Expressions", "Server\Sys\SF.Sys.Linq.Expressions\SF.Sys.Linq.Expressions.csproj", "{2C72BC60-949B-4853-BD2B-192F30855AB1}"
EndProject
Project("{9A19103F-16F7-4668-BE54-9A1E7A4F7556}") = "SF.Sys.Poco", "Server\Sys\SF.Sys.Poco\SF.Sys.Poco.csproj", "{2FFB980E-E67E-4A76-BB2C-9379BD0C54E2}"
EndProject
Project("{9A19103F-16F7-4668-BE54-9A1E7A4F7556}") = "SF.Sys.ADT", "Server\Sys\SF.Sys.ADT\SF.Sys.ADT.csproj", "{5BA1D67B-80B9-42BD-B125-758F4D19743E}"
EndProject
Project("{9A19103F-16F7-4668-BE54-9A1E7A4F7556}") = "SF.Sys.Comments", "Server\Sys\SF.Sys.Comments\SF.Sys.Comments.csproj", "{D73544FD-8C88-4D8A-9ED8-33F0D8EC95DA}"
EndProject
Project("{9A19103F-16F7-4668-BE54-9A1E7A4F7556}") = "SF.Sys.Caching", "Server\Sys\SF.Sys.Caching\SF.Sys.Caching.csproj", "{B82AD062-AB13-4810-80BC-D0F01D09F3C5}"
EndProject
Project("{9A19103F-16F7-4668-BE54-9A1E7A4F7556}") = "SF.Sys.Drawing", "Server\Sys\SF.Sys.Drawing\SF.Sys.Drawing.csproj", "{A135CBC7-697A-416E-B54B-3FEB286E08D5}"
EndProject
Project("{9A19103F-16F7-4668-BE54-9A1E7A4F7556}") = "SF.Sys.Maths", "Server\Sys\SF.Sys.Maths\SF.Sys.Maths.csproj", "{75332664-C19E-4D47-BCF5-9C39568E147D}"
EndProject
Project("{9A19103F-16F7-4668-BE54-9A1E7A4F7556}") = "SF.Sys.Logging", "Server\Sys\SF.Sys.Logging\SF.Sys.Logging.csproj", "{6440226D-86A9-42AF-97E6-C70C1A43952D}"
EndProject
Project("{9A19103F-16F7-4668-BE54-9A1E7A4F7556}") = "SF.Sys.CallPlans", "Server\Sys\SF.Sys.CallPlans\SF.Sys.CallPlans.csproj", "{B01D1615-2E7C-45FF-B87C-F20DF3209D9F}"
EndProject
Project("{9A19103F-16F7-4668-BE54-9A1E7A4F7556}") = "SF.Sys.Events", "Server\Sys\SF.Sys.Events\SF.Sys.Events.csproj", "{FAB01D52-CBA2-4B11-B666-CCB18D35949C}"
EndProject
Project("{9A19103F-16F7-4668-BE54-9A1E7A4F7556}") = "SF.Sys.Services.Management", "Server\Sys\SF.Sys.Services.Managment\SF.Sys.Services.Management.csproj", "{84CF705C-3222-4583-B7A3-7E8C4439B548}"
EndProject
Project("{9A19103F-16F7-4668-BE54-9A1E7A4F7556}") = "SF.Sys.Services", "Server\Sys\SF.Sys.Services\SF.Sys.Services.csproj", "{6F3CDFD2-DB37-4039-BE61-EA12420C8E58}"
EndProject
Project("{9A19103F-16F7-4668-BE54-9A1E7A4F7556}") = "SF.Sys.Entities", "Server\Sys\SF.Sys.Entities\SF.Sys.Entities.csproj", "{8ABF0E29-8A38-45D7-B1F3-6C052328BD24}"
EndProject
Project("{9A19103F-16F7-4668-BE54-9A1E7A4F7556}") = "SF.Sys.Data", "Server\Sys\SF.Sys.Data\SF.Sys.Data.csproj", "{396BA143-D5F9-4C14-9055-2537A739B160}"
EndProject
Project("{9A19103F-16F7-4668-BE54-9A1E7A4F7556}") = "SF.Sys.Entities.ServiceSupport", "Server\Sys\SF.Sys.Entities.ServiceSupport\SF.Sys.Entities.ServiceSupport.csproj", "{868FE26C-C900-4C7F-9BAA-F7589B5A4A85}"
EndProject
Project("{9A19103F-16F7-4668-BE54-9A1E7A4F7556}") = "SF.Sys.TimeServices", "Server\Sys\SF.Sys.TimeServices\SF.Sys.TimeServices.csproj", "{8554E2EF-29B5-455F-8D2F-87FCB8541767}"
EndProject
Project("{9A19103F-16F7-4668-BE54-9A1E7A4F7556}") = "SF.Sys.Entities.AutoTest", "Server\Sys\SF.Sys.Entities.AutoTest\SF.Sys.Entities.AutoTest.csproj", "{E4979548-5048-4EFC-B08B-2E89745D2136}"
EndProject
Project("{9A19103F-16F7-4668-BE54-9A1E7A4F7556}") = "SF.Sys.Serialization", "Server\Sys\SF.Sys.Serialization\SF.Sys.Serialization.csproj", "{D2EDDDB1-B658-4C75-835B-F7EC1088687F}"
EndProject
Project("{9A19103F-16F7-4668-BE54-9A1E7A4F7556}") = "SF.Sys.Auth", "Server\Sys\SF.Sys.Auth\SF.Sys.Auth.csproj", "{17B76513-438C-4613-9CD1-A32D658FCAFA}"
EndProject
Project("{9A19103F-16F7-4668-BE54-9A1E7A4F7556}") = "SF.Sys.Client", "Server\Sys\SF.Sys.Client\SF.Sys.Client.csproj", "{1B1E1C22-A655-4FE8-B151-3C9A0785EB0E}"
EndProject
Project("{9A19103F-16F7-4668-BE54-9A1E7A4F7556}") = "SF.Sys.ServiceFeatures", "Server\Sys\SF.Sys.ServiceFeatures\SF.Sys.ServiceFeatures.csproj", "{92F9BFA6-35D2-4AE2-9EB6-AE3FB85526AD}"
EndProject
Project("{9A19103F-16F7-4668-BE54-9A1E7A4F7556}") = "SF.Sys.Hosting", "Server\Sys\SF.Sys.Hosting\SF.Sys.Hosting.csproj", "{9FF63D53-748E-4DA6-8BF8-6E977325A318}"
EndProject
Project("{9A19103F-16F7-4668-BE54-9A1E7A4F7556}") = "SF.Sys.NetworkServices", "Server\Sys\SF.Sys.NetworkServices\SF.Sys.NetworkServices.csproj", "{5A0C85B3-B84B-4A7E-86B3-63C74FD34D69}"
EndProject
Project("{9A19103F-16F7-4668-BE54-9A1E7A4F7556}") = "SF.Sys.Metadata", "Server\Sys\SF.Sys.Metadata\SF.Sys.Metadata.csproj", "{49CAEB95-EDED-4380-9365-462A16CDD7B3}"
EndProject
Project("{2150E333-8FDC-42A3-9474-1A3956D46DE8}") = "AspNet", "AspNet", "{FFA74349-2F74-411F-838A-BF5A3A85FF5B}"
EndProject
Project("{9A19103F-16F7-4668-BE54-9A1E7A4F7556}") = "SF.Common.Media", "Server\Common\SF.Common.Media\SF.Common.Media.csproj", "{4778DA4A-CD36-485A-8D64-2C762C75F94B}"
EndProject
Project("{9A19103F-16F7-4668-BE54-9A1E7A4F7556}") = "SF.Common.Settings", "Server\Common\SF.Common.Settings\SF.Common.Settings.csproj", "{A52CB104-C3E9-42A1-ADEF-5D2E966A39FF}"
EndProject
Project("{9A19103F-16F7-4668-BE54-9A1E7A4F7556}") = "SF.Sys.Test", "Server\Sys\SF.Sys.Test\SF.Sys.Test.csproj", "{FC57BFD0-0CA8-4B04-9317-0CFC5ED8459E}"
EndProject
Project("{9A19103F-16F7-4668-BE54-9A1E7A4F7556}") = "SF.Common.FrontEndContents", "Server\Common\SF.Common.FrontEndContents\SF.Common.FrontEndContents.csproj", "{684B355C-8DBB-468F-A4DF-2D54639BBF32}"
EndProject
Project("{2150E333-8FDC-42A3-9474-1A3956D46DE8}") = "KB", "KB", "{61698F69-5AF3-4C5D-B337-EF7621A78512}"
EndProject
Project("{9A19103F-16F7-4668-BE54-9A1E7A4F7556}") = "SF.Sys.Mime", "Server\Sys\SF.Sys.Mime\SF.Sys.Mime.csproj", "{C2613EC3-62C1-4116-981E-76B5E2F69CAF}"
EndProject
Project("{9A19103F-16F7-4668-BE54-9A1E7A4F7556}") = "SF.Common.PhoneNumberValidator", "Server\Common\SF.Common.PhoneNumberValidator\SF.Common.PhoneNumberValidator.csproj", "{7BE7A266-C3B9-4C74-8E8C-1E16A095E04E}"
EndProject
Project("{9A19103F-16F7-4668-BE54-9A1E7A4F7556}") = "SF.Sys.Client.Implements", "Server\Sys\SF.Sys.Client.Implements\SF.Sys.Client.Implements.csproj", "{489C8A7F-D0DB-4D9E-A281-61F167DD5800}"
EndProject
Project("{9A19103F-16F7-4668-BE54-9A1E7A4F7556}") = "SF.Sys.CallPlans.Implements", "Server\Sys\SF.Sys.CallPlans.Implements\SF.Sys.CallPlans.Implements.csproj", "{13B4A92D-C150-4B74-AA3D-D35A566886D4}"
EndProject
Project("{9A19103F-16F7-4668-BE54-9A1E7A4F7556}") = "SF.Sys.TaskServices", "Server\Sys\SF.Sys.TaskServices\SF.Sys.TaskServices.csproj", "{F20C9D97-F69E-450A-AE52-04A6665AD2CF}"
EndProject
Project("{9A19103F-16F7-4668-BE54-9A1E7A4F7556}") = "SF.Sys.Events.Implements", "Server\Sys\SF.Sys.Events.Implements\SF.Sys.Events.Implements.csproj", "{DF16C562-7C08-40DC-B03F-228691EE8725}"
EndProject
Project("{9A19103F-16F7-4668-BE54-9A1E7A4F7556}") = "SF.Sys.Hosting.Implements", "Server\Sys\SF.Sys.Hosting.Implements\SF.Sys.Hosting.Implements.csproj", "{831ACB50-7398-42FC-87C9-9F20FD39E797}"
EndProject
Project("{9A19103F-16F7-4668-BE54-9A1E7A4F7556}") = "SF.Sys.Annotations", "Server\Sys\SF.Sys.Annotations\SF.Sys.Annotations.csproj", "{4C1C813C-4A02-45A5-84C7-6E0194E62CE7}"
EndProject
Project("{9A19103F-16F7-4668-BE54-9A1E7A4F7556}") = "SF.Sys.NetworkServices.Implements", "Server\Sys\SF.Sys.NetworkServices.Implements\SF.Sys.NetworkServices.Implements.csproj", "{4143B06E-DCCC-4E2D-A257-B2573FF68F99}"
EndProject
Project("{9A19103F-16F7-4668-BE54-9A1E7A4F7556}") = "SF.Sys.ServiceFeatures.Implements", "Server\Sys\SF.Sys.ServiceFeatures.Implements\SF.Sys.ServiceFeatures.Implements.csproj", "{F9B0D56C-8586-4E3F-80F6-98B06981184D}"
EndProject
Project("{9A19103F-16F7-4668-BE54-9A1E7A4F7556}") = "SF.Sys.Services.Runtime", "Server\Sys\SF.Sys.Services.Runtime\SF.Sys.Services.Runtime.csproj", "{02AECBF3-8DAE-4595-9170-B3688C2F0488}"
EndProject
Project("{9A19103F-16F7-4668-BE54-9A1E7A4F7556}") = "SF.Sys.Services.Management.Implements", "Server\Sys\SF.Sys.Services.Management.Implements\SF.Sys.Services.Management.Implements.csproj", "{01E40D24-AA86-46FB-80F7-23A0EF93B245}"
EndProject
Project("{9A19103F-16F7-4668-BE54-9A1E7A4F7556}") = "SF.Sys.MenuServices", "Server\Sys\SF.Sys.MenuServices\SF.Sys.MenuServices.csproj", "{831045C0-C25F-4910-B836-E336AC28E1DC}"
EndProject
Project("{9A19103F-16F7-4668-BE54-9A1E7A4F7556}") = "SF.Sys.Data.Implements", "Server\Sys\SF.Sys.Data.Implements\SF.Sys.Data.Implements.csproj", "{05073C3F-3BA0-4983-9122-BC65A9F69564}"
EndProject
Project("{9A19103F-16F7-4668-BE54-9A1E7A4F7556}") = "SF.Sys.Entities.Implements", "Server\Sys\SF.Sys.Entities.Implements\SF.Sys.Entities.Implements.csproj", "{9403E6F2-52B7-4B90-A231-508E1230151F}"
EndProject
Global
	GlobalSection(SolutionConfigurationPlatforms) = preSolution
		Debug|Any CPU = Debug|Any CPU
		Release|Any CPU = Release|Any CPU
	EndGlobalSection
	GlobalSection(ProjectConfigurationPlatforms) = postSolution
		{8880140E-8868-4B08-880E-DC3E0BC10D76}.Debug|Any CPU.ActiveCfg = Debug|Any CPU
		{8880140E-8868-4B08-880E-DC3E0BC10D76}.Debug|Any CPU.Build.0 = Debug|Any CPU
		{8880140E-8868-4B08-880E-DC3E0BC10D76}.Release|Any CPU.ActiveCfg = Release|Any CPU
		{8880140E-8868-4B08-880E-DC3E0BC10D76}.Release|Any CPU.Build.0 = Release|Any CPU
		{D6AD9C64-CCA3-45BF-890C-54309E1455FC}.Debug|Any CPU.ActiveCfg = Debug|Any CPU
		{D6AD9C64-CCA3-45BF-890C-54309E1455FC}.Debug|Any CPU.Build.0 = Debug|Any CPU
		{D6AD9C64-CCA3-45BF-890C-54309E1455FC}.Release|Any CPU.ActiveCfg = Release|Any CPU
		{D6AD9C64-CCA3-45BF-890C-54309E1455FC}.Release|Any CPU.Build.0 = Release|Any CPU
		{F2624E1E-8C78-4E8C-B684-735BA3DCF68E}.Debug|Any CPU.ActiveCfg = Debug|Any CPU
		{F2624E1E-8C78-4E8C-B684-735BA3DCF68E}.Debug|Any CPU.Build.0 = Debug|Any CPU
		{F2624E1E-8C78-4E8C-B684-735BA3DCF68E}.Release|Any CPU.ActiveCfg = Release|Any CPU
		{F2624E1E-8C78-4E8C-B684-735BA3DCF68E}.Release|Any CPU.Build.0 = Release|Any CPU
		{A3E878CD-9E52-4B9B-BD74-BADBCD45DBBB}.Debug|Any CPU.ActiveCfg = Debug|Any CPU
		{A3E878CD-9E52-4B9B-BD74-BADBCD45DBBB}.Debug|Any CPU.Build.0 = Debug|Any CPU
		{A3E878CD-9E52-4B9B-BD74-BADBCD45DBBB}.Release|Any CPU.ActiveCfg = Release|Any CPU
		{A3E878CD-9E52-4B9B-BD74-BADBCD45DBBB}.Release|Any CPU.Build.0 = Release|Any CPU
		{FE8C6E9C-53DF-4B21-9459-485A37D4CEA7}.Debug|Any CPU.ActiveCfg = Debug|Any CPU
		{FE8C6E9C-53DF-4B21-9459-485A37D4CEA7}.Debug|Any CPU.Build.0 = Debug|Any CPU
		{FE8C6E9C-53DF-4B21-9459-485A37D4CEA7}.Release|Any CPU.ActiveCfg = Release|Any CPU
		{FE8C6E9C-53DF-4B21-9459-485A37D4CEA7}.Release|Any CPU.Build.0 = Release|Any CPU
		{BD3BBEBD-3653-43B0-A467-9B295496F86E}.Debug|Any CPU.ActiveCfg = Debug|Any CPU
		{BD3BBEBD-3653-43B0-A467-9B295496F86E}.Debug|Any CPU.Build.0 = Debug|Any CPU
		{BD3BBEBD-3653-43B0-A467-9B295496F86E}.Release|Any CPU.ActiveCfg = Release|Any CPU
		{BD3BBEBD-3653-43B0-A467-9B295496F86E}.Release|Any CPU.Build.0 = Release|Any CPU
		{C3A9CF66-0C47-4EA9-8DC5-FB58769221B5}.Debug|Any CPU.ActiveCfg = Debug|Any CPU
		{C3A9CF66-0C47-4EA9-8DC5-FB58769221B5}.Debug|Any CPU.Build.0 = Debug|Any CPU
		{C3A9CF66-0C47-4EA9-8DC5-FB58769221B5}.Release|Any CPU.ActiveCfg = Release|Any CPU
		{C3A9CF66-0C47-4EA9-8DC5-FB58769221B5}.Release|Any CPU.Build.0 = Release|Any CPU
		{540ED117-F2EA-4841-90F5-19F81F65E8C5}.Debug|Any CPU.ActiveCfg = Debug|Any CPU
		{540ED117-F2EA-4841-90F5-19F81F65E8C5}.Debug|Any CPU.Build.0 = Debug|Any CPU
		{540ED117-F2EA-4841-90F5-19F81F65E8C5}.Release|Any CPU.ActiveCfg = Release|Any CPU
		{540ED117-F2EA-4841-90F5-19F81F65E8C5}.Release|Any CPU.Build.0 = Release|Any CPU
		{BD66425A-7F2E-4446-851A-D9AF29F32627}.Debug|Any CPU.ActiveCfg = Debug|Any CPU
		{BD66425A-7F2E-4446-851A-D9AF29F32627}.Debug|Any CPU.Build.0 = Debug|Any CPU
		{BD66425A-7F2E-4446-851A-D9AF29F32627}.Release|Any CPU.ActiveCfg = Release|Any CPU
		{BD66425A-7F2E-4446-851A-D9AF29F32627}.Release|Any CPU.Build.0 = Release|Any CPU
		{10C167E0-D74E-458D-A245-C118483D6939}.Debug|Any CPU.ActiveCfg = Debug|Any CPU
		{10C167E0-D74E-458D-A245-C118483D6939}.Debug|Any CPU.Build.0 = Debug|Any CPU
		{10C167E0-D74E-458D-A245-C118483D6939}.Release|Any CPU.ActiveCfg = Release|Any CPU
		{10C167E0-D74E-458D-A245-C118483D6939}.Release|Any CPU.Build.0 = Release|Any CPU
		{CF20FA89-703F-4A75-98C8-35DE47115E7F}.Debug|Any CPU.ActiveCfg = Debug|Any CPU
		{CF20FA89-703F-4A75-98C8-35DE47115E7F}.Debug|Any CPU.Build.0 = Debug|Any CPU
		{CF20FA89-703F-4A75-98C8-35DE47115E7F}.Release|Any CPU.ActiveCfg = Release|Any CPU
		{CF20FA89-703F-4A75-98C8-35DE47115E7F}.Release|Any CPU.Build.0 = Release|Any CPU
		{B0B411B0-E59C-4593-A83C-7819974F874B}.Debug|Any CPU.ActiveCfg = Debug|Any CPU
		{B0B411B0-E59C-4593-A83C-7819974F874B}.Debug|Any CPU.Build.0 = Debug|Any CPU
		{B0B411B0-E59C-4593-A83C-7819974F874B}.Release|Any CPU.ActiveCfg = Release|Any CPU
		{B0B411B0-E59C-4593-A83C-7819974F874B}.Release|Any CPU.Build.0 = Release|Any CPU
		{042C3B6A-AC1F-48A3-8936-F0C3CF942EB9}.Debug|Any CPU.ActiveCfg = Debug|Any CPU
		{042C3B6A-AC1F-48A3-8936-F0C3CF942EB9}.Debug|Any CPU.Build.0 = Debug|Any CPU
		{042C3B6A-AC1F-48A3-8936-F0C3CF942EB9}.Release|Any CPU.ActiveCfg = Release|Any CPU
		{042C3B6A-AC1F-48A3-8936-F0C3CF942EB9}.Release|Any CPU.Build.0 = Release|Any CPU
		{7ABD734C-FCEE-4CE0-A126-3D9816B37731}.Debug|Any CPU.ActiveCfg = Debug|Any CPU
		{7ABD734C-FCEE-4CE0-A126-3D9816B37731}.Debug|Any CPU.Build.0 = Debug|Any CPU
		{7ABD734C-FCEE-4CE0-A126-3D9816B37731}.Release|Any CPU.ActiveCfg = Release|Any CPU
		{7ABD734C-FCEE-4CE0-A126-3D9816B37731}.Release|Any CPU.Build.0 = Release|Any CPU
		{17148021-8D02-488E-8392-A27BD42CAFF3}.Debug|Any CPU.ActiveCfg = Debug|Any CPU
		{17148021-8D02-488E-8392-A27BD42CAFF3}.Debug|Any CPU.Build.0 = Debug|Any CPU
		{17148021-8D02-488E-8392-A27BD42CAFF3}.Release|Any CPU.ActiveCfg = Release|Any CPU
		{17148021-8D02-488E-8392-A27BD42CAFF3}.Release|Any CPU.Build.0 = Release|Any CPU
		{567EA1F7-CC6F-4B0D-9F3F-5AA11B8EBE0E}.Debug|Any CPU.ActiveCfg = Debug|Any CPU
		{567EA1F7-CC6F-4B0D-9F3F-5AA11B8EBE0E}.Debug|Any CPU.Build.0 = Debug|Any CPU
		{567EA1F7-CC6F-4B0D-9F3F-5AA11B8EBE0E}.Release|Any CPU.ActiveCfg = Release|Any CPU
		{567EA1F7-CC6F-4B0D-9F3F-5AA11B8EBE0E}.Release|Any CPU.Build.0 = Release|Any CPU
		{354DC3B0-38FE-4962-9F38-031B8C6E365F}.Debug|Any CPU.ActiveCfg = Debug|Any CPU
		{354DC3B0-38FE-4962-9F38-031B8C6E365F}.Debug|Any CPU.Build.0 = Debug|Any CPU
		{354DC3B0-38FE-4962-9F38-031B8C6E365F}.Release|Any CPU.ActiveCfg = Release|Any CPU
		{354DC3B0-38FE-4962-9F38-031B8C6E365F}.Release|Any CPU.Build.0 = Release|Any CPU
		{496B216F-9653-4A3A-A1D3-33EFCF1C4921}.Debug|Any CPU.ActiveCfg = Debug|Any CPU
		{496B216F-9653-4A3A-A1D3-33EFCF1C4921}.Debug|Any CPU.Build.0 = Debug|Any CPU
		{496B216F-9653-4A3A-A1D3-33EFCF1C4921}.Release|Any CPU.ActiveCfg = Release|Any CPU
		{496B216F-9653-4A3A-A1D3-33EFCF1C4921}.Release|Any CPU.Build.0 = Release|Any CPU
		{DF4DD4E6-7315-4168-94BC-7ABD9EE8864C}.Debug|Any CPU.ActiveCfg = Debug|Any CPU
		{DF4DD4E6-7315-4168-94BC-7ABD9EE8864C}.Debug|Any CPU.Build.0 = Debug|Any CPU
		{DF4DD4E6-7315-4168-94BC-7ABD9EE8864C}.Release|Any CPU.ActiveCfg = Release|Any CPU
		{DF4DD4E6-7315-4168-94BC-7ABD9EE8864C}.Release|Any CPU.Build.0 = Release|Any CPU
		{AE9FB9FC-E0CF-4D43-9397-0683125FBE66}.Debug|Any CPU.ActiveCfg = Debug|Any CPU
		{AE9FB9FC-E0CF-4D43-9397-0683125FBE66}.Debug|Any CPU.Build.0 = Debug|Any CPU
		{AE9FB9FC-E0CF-4D43-9397-0683125FBE66}.Release|Any CPU.ActiveCfg = Release|Any CPU
		{AE9FB9FC-E0CF-4D43-9397-0683125FBE66}.Release|Any CPU.Build.0 = Release|Any CPU
		{63EF9768-72AF-49DF-B3E9-BFD07722DD02}.Debug|Any CPU.ActiveCfg = Debug|Any CPU
		{63EF9768-72AF-49DF-B3E9-BFD07722DD02}.Debug|Any CPU.Build.0 = Debug|Any CPU
		{63EF9768-72AF-49DF-B3E9-BFD07722DD02}.Release|Any CPU.ActiveCfg = Release|Any CPU
		{63EF9768-72AF-49DF-B3E9-BFD07722DD02}.Release|Any CPU.Build.0 = Release|Any CPU
		{A56E0FA9-A9D1-42B1-8C89-08B9AE573699}.Debug|Any CPU.ActiveCfg = Debug|Any CPU
		{A56E0FA9-A9D1-42B1-8C89-08B9AE573699}.Debug|Any CPU.Build.0 = Debug|Any CPU
		{A56E0FA9-A9D1-42B1-8C89-08B9AE573699}.Release|Any CPU.ActiveCfg = Release|Any CPU
		{A56E0FA9-A9D1-42B1-8C89-08B9AE573699}.Release|Any CPU.Build.0 = Release|Any CPU
		{6FDD038F-C69C-49D6-BD59-F3581E0E2B0F}.Debug|Any CPU.ActiveCfg = Debug|Any CPU
		{6FDD038F-C69C-49D6-BD59-F3581E0E2B0F}.Debug|Any CPU.Build.0 = Debug|Any CPU
		{6FDD038F-C69C-49D6-BD59-F3581E0E2B0F}.Release|Any CPU.ActiveCfg = Release|Any CPU
		{6FDD038F-C69C-49D6-BD59-F3581E0E2B0F}.Release|Any CPU.Build.0 = Release|Any CPU
		{F9363BCF-9AD5-4B47-B78F-74625A27894A}.Debug|Any CPU.ActiveCfg = Debug|Any CPU
		{F9363BCF-9AD5-4B47-B78F-74625A27894A}.Debug|Any CPU.Build.0 = Debug|Any CPU
		{F9363BCF-9AD5-4B47-B78F-74625A27894A}.Release|Any CPU.ActiveCfg = Release|Any CPU
		{F9363BCF-9AD5-4B47-B78F-74625A27894A}.Release|Any CPU.Build.0 = Release|Any CPU
		{FF9D46EB-84B6-4831-BD19-0E0D87B5A118}.Debug|Any CPU.ActiveCfg = Debug|Any CPU
		{FF9D46EB-84B6-4831-BD19-0E0D87B5A118}.Debug|Any CPU.Build.0 = Debug|Any CPU
		{FF9D46EB-84B6-4831-BD19-0E0D87B5A118}.Release|Any CPU.ActiveCfg = Release|Any CPU
		{FF9D46EB-84B6-4831-BD19-0E0D87B5A118}.Release|Any CPU.Build.0 = Release|Any CPU
		{2E2D7688-7239-4E74-A90B-D150A337178D}.Debug|Any CPU.ActiveCfg = Debug|Any CPU
		{2E2D7688-7239-4E74-A90B-D150A337178D}.Debug|Any CPU.Build.0 = Debug|Any CPU
		{2E2D7688-7239-4E74-A90B-D150A337178D}.Release|Any CPU.ActiveCfg = Release|Any CPU
		{2E2D7688-7239-4E74-A90B-D150A337178D}.Release|Any CPU.Build.0 = Release|Any CPU
		{501C5A9D-54FF-412A-88BD-27B5DD77CCF1}.Debug|Any CPU.ActiveCfg = Debug|Any CPU
		{501C5A9D-54FF-412A-88BD-27B5DD77CCF1}.Debug|Any CPU.Build.0 = Debug|Any CPU
		{501C5A9D-54FF-412A-88BD-27B5DD77CCF1}.Release|Any CPU.ActiveCfg = Release|Any CPU
		{501C5A9D-54FF-412A-88BD-27B5DD77CCF1}.Release|Any CPU.Build.0 = Release|Any CPU
		{3BAF8E4D-B0BD-40AF-B6ED-FD9B77958DB0}.Debug|Any CPU.ActiveCfg = Debug|Any CPU
		{3BAF8E4D-B0BD-40AF-B6ED-FD9B77958DB0}.Debug|Any CPU.Build.0 = Debug|Any CPU
		{3BAF8E4D-B0BD-40AF-B6ED-FD9B77958DB0}.Release|Any CPU.ActiveCfg = Release|Any CPU
		{3BAF8E4D-B0BD-40AF-B6ED-FD9B77958DB0}.Release|Any CPU.Build.0 = Release|Any CPU
		{F5A53B17-E19F-40AA-A655-4C920FFA0068}.Debug|Any CPU.ActiveCfg = Debug|Any CPU
		{F5A53B17-E19F-40AA-A655-4C920FFA0068}.Debug|Any CPU.Build.0 = Debug|Any CPU
		{F5A53B17-E19F-40AA-A655-4C920FFA0068}.Release|Any CPU.ActiveCfg = Release|Any CPU
		{F5A53B17-E19F-40AA-A655-4C920FFA0068}.Release|Any CPU.Build.0 = Release|Any CPU
		{90F37BBA-63B0-48EA-82A7-618FF8C56DBE}.Debug|Any CPU.ActiveCfg = Debug|Any CPU
		{90F37BBA-63B0-48EA-82A7-618FF8C56DBE}.Debug|Any CPU.Build.0 = Debug|Any CPU
		{90F37BBA-63B0-48EA-82A7-618FF8C56DBE}.Release|Any CPU.ActiveCfg = Release|Any CPU
		{90F37BBA-63B0-48EA-82A7-618FF8C56DBE}.Release|Any CPU.Build.0 = Release|Any CPU
		{1F37286B-C178-4371-ACBA-32AFDB538855}.Debug|Any CPU.ActiveCfg = Debug|Any CPU
		{1F37286B-C178-4371-ACBA-32AFDB538855}.Debug|Any CPU.Build.0 = Debug|Any CPU
		{1F37286B-C178-4371-ACBA-32AFDB538855}.Release|Any CPU.ActiveCfg = Release|Any CPU
		{1F37286B-C178-4371-ACBA-32AFDB538855}.Release|Any CPU.Build.0 = Release|Any CPU
		{97D33D88-503F-4096-AEB0-B1592F18BA18}.Debug|Any CPU.ActiveCfg = Debug|Any CPU
		{97D33D88-503F-4096-AEB0-B1592F18BA18}.Debug|Any CPU.Build.0 = Debug|Any CPU
		{97D33D88-503F-4096-AEB0-B1592F18BA18}.Release|Any CPU.ActiveCfg = Release|Any CPU
		{97D33D88-503F-4096-AEB0-B1592F18BA18}.Release|Any CPU.Build.0 = Release|Any CPU
		{BDACC9C8-E37F-4992-A76D-BF81B717FCB6}.Debug|Any CPU.ActiveCfg = Debug|Any CPU
		{BDACC9C8-E37F-4992-A76D-BF81B717FCB6}.Debug|Any CPU.Build.0 = Debug|Any CPU
		{BDACC9C8-E37F-4992-A76D-BF81B717FCB6}.Release|Any CPU.ActiveCfg = Release|Any CPU
		{BDACC9C8-E37F-4992-A76D-BF81B717FCB6}.Release|Any CPU.Build.0 = Release|Any CPU
		{2C72BC60-949B-4853-BD2B-192F30855AB1}.Debug|Any CPU.ActiveCfg = Debug|Any CPU
		{2C72BC60-949B-4853-BD2B-192F30855AB1}.Debug|Any CPU.Build.0 = Debug|Any CPU
		{2C72BC60-949B-4853-BD2B-192F30855AB1}.Release|Any CPU.ActiveCfg = Release|Any CPU
		{2C72BC60-949B-4853-BD2B-192F30855AB1}.Release|Any CPU.Build.0 = Release|Any CPU
		{2FFB980E-E67E-4A76-BB2C-9379BD0C54E2}.Debug|Any CPU.ActiveCfg = Debug|Any CPU
		{2FFB980E-E67E-4A76-BB2C-9379BD0C54E2}.Debug|Any CPU.Build.0 = Debug|Any CPU
		{2FFB980E-E67E-4A76-BB2C-9379BD0C54E2}.Release|Any CPU.ActiveCfg = Release|Any CPU
		{2FFB980E-E67E-4A76-BB2C-9379BD0C54E2}.Release|Any CPU.Build.0 = Release|Any CPU
		{5BA1D67B-80B9-42BD-B125-758F4D19743E}.Debug|Any CPU.ActiveCfg = Debug|Any CPU
		{5BA1D67B-80B9-42BD-B125-758F4D19743E}.Debug|Any CPU.Build.0 = Debug|Any CPU
		{5BA1D67B-80B9-42BD-B125-758F4D19743E}.Release|Any CPU.ActiveCfg = Release|Any CPU
		{5BA1D67B-80B9-42BD-B125-758F4D19743E}.Release|Any CPU.Build.0 = Release|Any CPU
		{D73544FD-8C88-4D8A-9ED8-33F0D8EC95DA}.Debug|Any CPU.ActiveCfg = Debug|Any CPU
		{D73544FD-8C88-4D8A-9ED8-33F0D8EC95DA}.Debug|Any CPU.Build.0 = Debug|Any CPU
		{D73544FD-8C88-4D8A-9ED8-33F0D8EC95DA}.Release|Any CPU.ActiveCfg = Release|Any CPU
		{D73544FD-8C88-4D8A-9ED8-33F0D8EC95DA}.Release|Any CPU.Build.0 = Release|Any CPU
		{B82AD062-AB13-4810-80BC-D0F01D09F3C5}.Debug|Any CPU.ActiveCfg = Debug|Any CPU
		{B82AD062-AB13-4810-80BC-D0F01D09F3C5}.Debug|Any CPU.Build.0 = Debug|Any CPU
		{B82AD062-AB13-4810-80BC-D0F01D09F3C5}.Release|Any CPU.ActiveCfg = Release|Any CPU
		{B82AD062-AB13-4810-80BC-D0F01D09F3C5}.Release|Any CPU.Build.0 = Release|Any CPU
		{A135CBC7-697A-416E-B54B-3FEB286E08D5}.Debug|Any CPU.ActiveCfg = Debug|Any CPU
		{A135CBC7-697A-416E-B54B-3FEB286E08D5}.Debug|Any CPU.Build.0 = Debug|Any CPU
		{A135CBC7-697A-416E-B54B-3FEB286E08D5}.Release|Any CPU.ActiveCfg = Release|Any CPU
		{A135CBC7-697A-416E-B54B-3FEB286E08D5}.Release|Any CPU.Build.0 = Release|Any CPU
		{75332664-C19E-4D47-BCF5-9C39568E147D}.Debug|Any CPU.ActiveCfg = Debug|Any CPU
		{75332664-C19E-4D47-BCF5-9C39568E147D}.Debug|Any CPU.Build.0 = Debug|Any CPU
		{75332664-C19E-4D47-BCF5-9C39568E147D}.Release|Any CPU.ActiveCfg = Release|Any CPU
		{75332664-C19E-4D47-BCF5-9C39568E147D}.Release|Any CPU.Build.0 = Release|Any CPU
		{6440226D-86A9-42AF-97E6-C70C1A43952D}.Debug|Any CPU.ActiveCfg = Debug|Any CPU
		{6440226D-86A9-42AF-97E6-C70C1A43952D}.Debug|Any CPU.Build.0 = Debug|Any CPU
		{6440226D-86A9-42AF-97E6-C70C1A43952D}.Release|Any CPU.ActiveCfg = Release|Any CPU
		{6440226D-86A9-42AF-97E6-C70C1A43952D}.Release|Any CPU.Build.0 = Release|Any CPU
		{B01D1615-2E7C-45FF-B87C-F20DF3209D9F}.Debug|Any CPU.ActiveCfg = Debug|Any CPU
		{B01D1615-2E7C-45FF-B87C-F20DF3209D9F}.Debug|Any CPU.Build.0 = Debug|Any CPU
		{B01D1615-2E7C-45FF-B87C-F20DF3209D9F}.Release|Any CPU.ActiveCfg = Release|Any CPU
		{B01D1615-2E7C-45FF-B87C-F20DF3209D9F}.Release|Any CPU.Build.0 = Release|Any CPU
		{FAB01D52-CBA2-4B11-B666-CCB18D35949C}.Debug|Any CPU.ActiveCfg = Debug|Any CPU
		{FAB01D52-CBA2-4B11-B666-CCB18D35949C}.Debug|Any CPU.Build.0 = Debug|Any CPU
		{FAB01D52-CBA2-4B11-B666-CCB18D35949C}.Release|Any CPU.ActiveCfg = Release|Any CPU
		{FAB01D52-CBA2-4B11-B666-CCB18D35949C}.Release|Any CPU.Build.0 = Release|Any CPU
		{84CF705C-3222-4583-B7A3-7E8C4439B548}.Debug|Any CPU.ActiveCfg = Debug|Any CPU
		{84CF705C-3222-4583-B7A3-7E8C4439B548}.Debug|Any CPU.Build.0 = Debug|Any CPU
		{84CF705C-3222-4583-B7A3-7E8C4439B548}.Release|Any CPU.ActiveCfg = Release|Any CPU
		{84CF705C-3222-4583-B7A3-7E8C4439B548}.Release|Any CPU.Build.0 = Release|Any CPU
		{6F3CDFD2-DB37-4039-BE61-EA12420C8E58}.Debug|Any CPU.ActiveCfg = Debug|Any CPU
		{6F3CDFD2-DB37-4039-BE61-EA12420C8E58}.Debug|Any CPU.Build.0 = Debug|Any CPU
		{6F3CDFD2-DB37-4039-BE61-EA12420C8E58}.Release|Any CPU.ActiveCfg = Release|Any CPU
		{6F3CDFD2-DB37-4039-BE61-EA12420C8E58}.Release|Any CPU.Build.0 = Release|Any CPU
		{8ABF0E29-8A38-45D7-B1F3-6C052328BD24}.Debug|Any CPU.ActiveCfg = Debug|Any CPU
		{8ABF0E29-8A38-45D7-B1F3-6C052328BD24}.Debug|Any CPU.Build.0 = Debug|Any CPU
		{8ABF0E29-8A38-45D7-B1F3-6C052328BD24}.Release|Any CPU.ActiveCfg = Release|Any CPU
		{8ABF0E29-8A38-45D7-B1F3-6C052328BD24}.Release|Any CPU.Build.0 = Release|Any CPU
		{396BA143-D5F9-4C14-9055-2537A739B160}.Debug|Any CPU.ActiveCfg = Debug|Any CPU
		{396BA143-D5F9-4C14-9055-2537A739B160}.Debug|Any CPU.Build.0 = Debug|Any CPU
		{396BA143-D5F9-4C14-9055-2537A739B160}.Release|Any CPU.ActiveCfg = Release|Any CPU
		{396BA143-D5F9-4C14-9055-2537A739B160}.Release|Any CPU.Build.0 = Release|Any CPU
		{868FE26C-C900-4C7F-9BAA-F7589B5A4A85}.Debug|Any CPU.ActiveCfg = Debug|Any CPU
		{868FE26C-C900-4C7F-9BAA-F7589B5A4A85}.Debug|Any CPU.Build.0 = Debug|Any CPU
		{868FE26C-C900-4C7F-9BAA-F7589B5A4A85}.Release|Any CPU.ActiveCfg = Release|Any CPU
		{868FE26C-C900-4C7F-9BAA-F7589B5A4A85}.Release|Any CPU.Build.0 = Release|Any CPU
		{8554E2EF-29B5-455F-8D2F-87FCB8541767}.Debug|Any CPU.ActiveCfg = Debug|Any CPU
		{8554E2EF-29B5-455F-8D2F-87FCB8541767}.Debug|Any CPU.Build.0 = Debug|Any CPU
		{8554E2EF-29B5-455F-8D2F-87FCB8541767}.Release|Any CPU.ActiveCfg = Release|Any CPU
		{8554E2EF-29B5-455F-8D2F-87FCB8541767}.Release|Any CPU.Build.0 = Release|Any CPU
		{E4979548-5048-4EFC-B08B-2E89745D2136}.Debug|Any CPU.ActiveCfg = Debug|Any CPU
		{E4979548-5048-4EFC-B08B-2E89745D2136}.Debug|Any CPU.Build.0 = Debug|Any CPU
		{E4979548-5048-4EFC-B08B-2E89745D2136}.Release|Any CPU.ActiveCfg = Release|Any CPU
		{E4979548-5048-4EFC-B08B-2E89745D2136}.Release|Any CPU.Build.0 = Release|Any CPU
		{D2EDDDB1-B658-4C75-835B-F7EC1088687F}.Debug|Any CPU.ActiveCfg = Debug|Any CPU
		{D2EDDDB1-B658-4C75-835B-F7EC1088687F}.Debug|Any CPU.Build.0 = Debug|Any CPU
		{D2EDDDB1-B658-4C75-835B-F7EC1088687F}.Release|Any CPU.ActiveCfg = Release|Any CPU
		{D2EDDDB1-B658-4C75-835B-F7EC1088687F}.Release|Any CPU.Build.0 = Release|Any CPU
		{17B76513-438C-4613-9CD1-A32D658FCAFA}.Debug|Any CPU.ActiveCfg = Debug|Any CPU
		{17B76513-438C-4613-9CD1-A32D658FCAFA}.Debug|Any CPU.Build.0 = Debug|Any CPU
		{17B76513-438C-4613-9CD1-A32D658FCAFA}.Release|Any CPU.ActiveCfg = Release|Any CPU
		{17B76513-438C-4613-9CD1-A32D658FCAFA}.Release|Any CPU.Build.0 = Release|Any CPU
		{1B1E1C22-A655-4FE8-B151-3C9A0785EB0E}.Debug|Any CPU.ActiveCfg = Debug|Any CPU
		{1B1E1C22-A655-4FE8-B151-3C9A0785EB0E}.Debug|Any CPU.Build.0 = Debug|Any CPU
		{1B1E1C22-A655-4FE8-B151-3C9A0785EB0E}.Release|Any CPU.ActiveCfg = Release|Any CPU
		{1B1E1C22-A655-4FE8-B151-3C9A0785EB0E}.Release|Any CPU.Build.0 = Release|Any CPU
		{92F9BFA6-35D2-4AE2-9EB6-AE3FB85526AD}.Debug|Any CPU.ActiveCfg = Debug|Any CPU
		{92F9BFA6-35D2-4AE2-9EB6-AE3FB85526AD}.Debug|Any CPU.Build.0 = Debug|Any CPU
		{92F9BFA6-35D2-4AE2-9EB6-AE3FB85526AD}.Release|Any CPU.ActiveCfg = Release|Any CPU
		{92F9BFA6-35D2-4AE2-9EB6-AE3FB85526AD}.Release|Any CPU.Build.0 = Release|Any CPU
		{9FF63D53-748E-4DA6-8BF8-6E977325A318}.Debug|Any CPU.ActiveCfg = Debug|Any CPU
		{9FF63D53-748E-4DA6-8BF8-6E977325A318}.Debug|Any CPU.Build.0 = Debug|Any CPU
		{9FF63D53-748E-4DA6-8BF8-6E977325A318}.Release|Any CPU.ActiveCfg = Release|Any CPU
		{9FF63D53-748E-4DA6-8BF8-6E977325A318}.Release|Any CPU.Build.0 = Release|Any CPU
		{5A0C85B3-B84B-4A7E-86B3-63C74FD34D69}.Debug|Any CPU.ActiveCfg = Debug|Any CPU
		{5A0C85B3-B84B-4A7E-86B3-63C74FD34D69}.Debug|Any CPU.Build.0 = Debug|Any CPU
		{5A0C85B3-B84B-4A7E-86B3-63C74FD34D69}.Release|Any CPU.ActiveCfg = Release|Any CPU
		{5A0C85B3-B84B-4A7E-86B3-63C74FD34D69}.Release|Any CPU.Build.0 = Release|Any CPU
		{49CAEB95-EDED-4380-9365-462A16CDD7B3}.Debug|Any CPU.ActiveCfg = Debug|Any CPU
		{49CAEB95-EDED-4380-9365-462A16CDD7B3}.Debug|Any CPU.Build.0 = Debug|Any CPU
		{49CAEB95-EDED-4380-9365-462A16CDD7B3}.Release|Any CPU.ActiveCfg = Release|Any CPU
		{49CAEB95-EDED-4380-9365-462A16CDD7B3}.Release|Any CPU.Build.0 = Release|Any CPU
		{4778DA4A-CD36-485A-8D64-2C762C75F94B}.Debug|Any CPU.ActiveCfg = Debug|Any CPU
		{4778DA4A-CD36-485A-8D64-2C762C75F94B}.Debug|Any CPU.Build.0 = Debug|Any CPU
		{4778DA4A-CD36-485A-8D64-2C762C75F94B}.Release|Any CPU.ActiveCfg = Release|Any CPU
		{4778DA4A-CD36-485A-8D64-2C762C75F94B}.Release|Any CPU.Build.0 = Release|Any CPU
		{A52CB104-C3E9-42A1-ADEF-5D2E966A39FF}.Debug|Any CPU.ActiveCfg = Debug|Any CPU
		{A52CB104-C3E9-42A1-ADEF-5D2E966A39FF}.Debug|Any CPU.Build.0 = Debug|Any CPU
		{A52CB104-C3E9-42A1-ADEF-5D2E966A39FF}.Release|Any CPU.ActiveCfg = Release|Any CPU
		{A52CB104-C3E9-42A1-ADEF-5D2E966A39FF}.Release|Any CPU.Build.0 = Release|Any CPU
		{FC57BFD0-0CA8-4B04-9317-0CFC5ED8459E}.Debug|Any CPU.ActiveCfg = Debug|Any CPU
		{FC57BFD0-0CA8-4B04-9317-0CFC5ED8459E}.Debug|Any CPU.Build.0 = Debug|Any CPU
		{FC57BFD0-0CA8-4B04-9317-0CFC5ED8459E}.Release|Any CPU.ActiveCfg = Release|Any CPU
		{FC57BFD0-0CA8-4B04-9317-0CFC5ED8459E}.Release|Any CPU.Build.0 = Release|Any CPU
		{684B355C-8DBB-468F-A4DF-2D54639BBF32}.Debug|Any CPU.ActiveCfg = Debug|Any CPU
		{684B355C-8DBB-468F-A4DF-2D54639BBF32}.Debug|Any CPU.Build.0 = Debug|Any CPU
		{684B355C-8DBB-468F-A4DF-2D54639BBF32}.Release|Any CPU.ActiveCfg = Release|Any CPU
		{684B355C-8DBB-468F-A4DF-2D54639BBF32}.Release|Any CPU.Build.0 = Release|Any CPU
		{C2613EC3-62C1-4116-981E-76B5E2F69CAF}.Debug|Any CPU.ActiveCfg = Debug|Any CPU
		{C2613EC3-62C1-4116-981E-76B5E2F69CAF}.Debug|Any CPU.Build.0 = Debug|Any CPU
		{C2613EC3-62C1-4116-981E-76B5E2F69CAF}.Release|Any CPU.ActiveCfg = Release|Any CPU
		{C2613EC3-62C1-4116-981E-76B5E2F69CAF}.Release|Any CPU.Build.0 = Release|Any CPU
		{7BE7A266-C3B9-4C74-8E8C-1E16A095E04E}.Debug|Any CPU.ActiveCfg = Debug|Any CPU
		{7BE7A266-C3B9-4C74-8E8C-1E16A095E04E}.Debug|Any CPU.Build.0 = Debug|Any CPU
		{7BE7A266-C3B9-4C74-8E8C-1E16A095E04E}.Release|Any CPU.ActiveCfg = Release|Any CPU
		{7BE7A266-C3B9-4C74-8E8C-1E16A095E04E}.Release|Any CPU.Build.0 = Release|Any CPU
		{489C8A7F-D0DB-4D9E-A281-61F167DD5800}.Debug|Any CPU.ActiveCfg = Debug|Any CPU
		{489C8A7F-D0DB-4D9E-A281-61F167DD5800}.Debug|Any CPU.Build.0 = Debug|Any CPU
		{489C8A7F-D0DB-4D9E-A281-61F167DD5800}.Release|Any CPU.ActiveCfg = Release|Any CPU
		{489C8A7F-D0DB-4D9E-A281-61F167DD5800}.Release|Any CPU.Build.0 = Release|Any CPU
		{13B4A92D-C150-4B74-AA3D-D35A566886D4}.Debug|Any CPU.ActiveCfg = Debug|Any CPU
		{13B4A92D-C150-4B74-AA3D-D35A566886D4}.Debug|Any CPU.Build.0 = Debug|Any CPU
		{13B4A92D-C150-4B74-AA3D-D35A566886D4}.Release|Any CPU.ActiveCfg = Release|Any CPU
		{13B4A92D-C150-4B74-AA3D-D35A566886D4}.Release|Any CPU.Build.0 = Release|Any CPU
		{F20C9D97-F69E-450A-AE52-04A6665AD2CF}.Debug|Any CPU.ActiveCfg = Debug|Any CPU
		{F20C9D97-F69E-450A-AE52-04A6665AD2CF}.Debug|Any CPU.Build.0 = Debug|Any CPU
		{F20C9D97-F69E-450A-AE52-04A6665AD2CF}.Release|Any CPU.ActiveCfg = Release|Any CPU
		{F20C9D97-F69E-450A-AE52-04A6665AD2CF}.Release|Any CPU.Build.0 = Release|Any CPU
		{DF16C562-7C08-40DC-B03F-228691EE8725}.Debug|Any CPU.ActiveCfg = Debug|Any CPU
		{DF16C562-7C08-40DC-B03F-228691EE8725}.Debug|Any CPU.Build.0 = Debug|Any CPU
		{DF16C562-7C08-40DC-B03F-228691EE8725}.Release|Any CPU.ActiveCfg = Release|Any CPU
		{DF16C562-7C08-40DC-B03F-228691EE8725}.Release|Any CPU.Build.0 = Release|Any CPU
		{831ACB50-7398-42FC-87C9-9F20FD39E797}.Debug|Any CPU.ActiveCfg = Debug|Any CPU
		{831ACB50-7398-42FC-87C9-9F20FD39E797}.Debug|Any CPU.Build.0 = Debug|Any CPU
		{831ACB50-7398-42FC-87C9-9F20FD39E797}.Release|Any CPU.ActiveCfg = Release|Any CPU
		{831ACB50-7398-42FC-87C9-9F20FD39E797}.Release|Any CPU.Build.0 = Release|Any CPU
		{4C1C813C-4A02-45A5-84C7-6E0194E62CE7}.Debug|Any CPU.ActiveCfg = Debug|Any CPU
		{4C1C813C-4A02-45A5-84C7-6E0194E62CE7}.Debug|Any CPU.Build.0 = Debug|Any CPU
		{4C1C813C-4A02-45A5-84C7-6E0194E62CE7}.Release|Any CPU.ActiveCfg = Release|Any CPU
		{4C1C813C-4A02-45A5-84C7-6E0194E62CE7}.Release|Any CPU.Build.0 = Release|Any CPU
		{4143B06E-DCCC-4E2D-A257-B2573FF68F99}.Debug|Any CPU.ActiveCfg = Debug|Any CPU
		{4143B06E-DCCC-4E2D-A257-B2573FF68F99}.Debug|Any CPU.Build.0 = Debug|Any CPU
		{4143B06E-DCCC-4E2D-A257-B2573FF68F99}.Release|Any CPU.ActiveCfg = Release|Any CPU
		{4143B06E-DCCC-4E2D-A257-B2573FF68F99}.Release|Any CPU.Build.0 = Release|Any CPU
		{F9B0D56C-8586-4E3F-80F6-98B06981184D}.Debug|Any CPU.ActiveCfg = Debug|Any CPU
		{F9B0D56C-8586-4E3F-80F6-98B06981184D}.Debug|Any CPU.Build.0 = Debug|Any CPU
		{F9B0D56C-8586-4E3F-80F6-98B06981184D}.Release|Any CPU.ActiveCfg = Release|Any CPU
		{F9B0D56C-8586-4E3F-80F6-98B06981184D}.Release|Any CPU.Build.0 = Release|Any CPU
		{02AECBF3-8DAE-4595-9170-B3688C2F0488}.Debug|Any CPU.ActiveCfg = Debug|Any CPU
		{02AECBF3-8DAE-4595-9170-B3688C2F0488}.Debug|Any CPU.Build.0 = Debug|Any CPU
		{02AECBF3-8DAE-4595-9170-B3688C2F0488}.Release|Any CPU.ActiveCfg = Release|Any CPU
		{02AECBF3-8DAE-4595-9170-B3688C2F0488}.Release|Any CPU.Build.0 = Release|Any CPU
		{01E40D24-AA86-46FB-80F7-23A0EF93B245}.Debug|Any CPU.ActiveCfg = Debug|Any CPU
		{01E40D24-AA86-46FB-80F7-23A0EF93B245}.Debug|Any CPU.Build.0 = Debug|Any CPU
		{01E40D24-AA86-46FB-80F7-23A0EF93B245}.Release|Any CPU.ActiveCfg = Release|Any CPU
		{01E40D24-AA86-46FB-80F7-23A0EF93B245}.Release|Any CPU.Build.0 = Release|Any CPU
		{831045C0-C25F-4910-B836-E336AC28E1DC}.Debug|Any CPU.ActiveCfg = Debug|Any CPU
		{831045C0-C25F-4910-B836-E336AC28E1DC}.Debug|Any CPU.Build.0 = Debug|Any CPU
		{831045C0-C25F-4910-B836-E336AC28E1DC}.Release|Any CPU.ActiveCfg = Release|Any CPU
		{831045C0-C25F-4910-B836-E336AC28E1DC}.Release|Any CPU.Build.0 = Release|Any CPU
		{05073C3F-3BA0-4983-9122-BC65A9F69564}.Debug|Any CPU.ActiveCfg = Debug|Any CPU
		{05073C3F-3BA0-4983-9122-BC65A9F69564}.Debug|Any CPU.Build.0 = Debug|Any CPU
		{05073C3F-3BA0-4983-9122-BC65A9F69564}.Release|Any CPU.ActiveCfg = Release|Any CPU
		{05073C3F-3BA0-4983-9122-BC65A9F69564}.Release|Any CPU.Build.0 = Release|Any CPU
		{9403E6F2-52B7-4B90-A231-508E1230151F}.Debug|Any CPU.ActiveCfg = Debug|Any CPU
		{9403E6F2-52B7-4B90-A231-508E1230151F}.Debug|Any CPU.Build.0 = Debug|Any CPU
		{9403E6F2-52B7-4B90-A231-508E1230151F}.Release|Any CPU.ActiveCfg = Release|Any CPU
		{9403E6F2-52B7-4B90-A231-508E1230151F}.Release|Any CPU.Build.0 = Release|Any CPU
	EndGlobalSection
	GlobalSection(SolutionProperties) = preSolution
		HideSolutionNode = FALSE
	EndGlobalSection
	GlobalSection(NestedProjects) = preSolution
		{8880140E-8868-4B08-880E-DC3E0BC10D76} = {66A4F4E4-6A67-479D-8650-013BD4A3913B}
		{D6AD9C64-CCA3-45BF-890C-54309E1455FC} = {66A4F4E4-6A67-479D-8650-013BD4A3913B}
		{F2624E1E-8C78-4E8C-B684-735BA3DCF68E} = {66A4F4E4-6A67-479D-8650-013BD4A3913B}
		{A3E878CD-9E52-4B9B-BD74-BADBCD45DBBB} = {66A4F4E4-6A67-479D-8650-013BD4A3913B}
		{FE8C6E9C-53DF-4B21-9459-485A37D4CEA7} = {5ADFB606-7537-4C30-A712-663E4DDCED81}
		{BD3BBEBD-3653-43B0-A467-9B295496F86E} = {5ADFB606-7537-4C30-A712-663E4DDCED81}
		{C3A9CF66-0C47-4EA9-8DC5-FB58769221B5} = {66A4F4E4-6A67-479D-8650-013BD4A3913B}
		{540ED117-F2EA-4841-90F5-19F81F65E8C5} = {21ADA552-95B6-443B-BEDB-8A420182B2E3}
		{BD66425A-7F2E-4446-851A-D9AF29F32627} = {21ADA552-95B6-443B-BEDB-8A420182B2E3}
		{10C167E0-D74E-458D-A245-C118483D6939} = {21ADA552-95B6-443B-BEDB-8A420182B2E3}
		{CF20FA89-703F-4A75-98C8-35DE47115E7F} = {C2963F98-E3FB-4444-A4CE-3A7FA00225AA}
		{B0B411B0-E59C-4593-A83C-7819974F874B} = {7FB34344-E354-4075-8F29-A0AAD2EF72D4}
		{042C3B6A-AC1F-48A3-8936-F0C3CF942EB9} = {7FB34344-E354-4075-8F29-A0AAD2EF72D4}
		{7ABD734C-FCEE-4CE0-A126-3D9816B37731} = {7FB34344-E354-4075-8F29-A0AAD2EF72D4}
		{17148021-8D02-488E-8392-A27BD42CAFF3} = {8E28520B-F54B-4C69-A62D-D5C7195031C4}
		{567EA1F7-CC6F-4B0D-9F3F-5AA11B8EBE0E} = {66A4F4E4-6A67-479D-8650-013BD4A3913B}
		{A58E1A39-F196-44DA-BAFA-A5073C82AFC1} = {2EB92F6A-F55C-4B5C-9BB1-A74CFEE13C84}
		{354DC3B0-38FE-4962-9F38-031B8C6E365F} = {A58E1A39-F196-44DA-BAFA-A5073C82AFC1}
		{496B216F-9653-4A3A-A1D3-33EFCF1C4921} = {A58E1A39-F196-44DA-BAFA-A5073C82AFC1}
		{DF4DD4E6-7315-4168-94BC-7ABD9EE8864C} = {A58E1A39-F196-44DA-BAFA-A5073C82AFC1}
		{AE9FB9FC-E0CF-4D43-9397-0683125FBE66} = {71A662FA-FB00-440F-A5C5-4102E150E680}
		{63EF9768-72AF-49DF-B3E9-BFD07722DD02} = {66A4F4E4-6A67-479D-8650-013BD4A3913B}
		{A56E0FA9-A9D1-42B1-8C89-08B9AE573699} = {5ADFB606-7537-4C30-A712-663E4DDCED81}
		{6FDD038F-C69C-49D6-BD59-F3581E0E2B0F} = {21ADA552-95B6-443B-BEDB-8A420182B2E3}
		{F9363BCF-9AD5-4B47-B78F-74625A27894A} = {21ADA552-95B6-443B-BEDB-8A420182B2E3}
		{FF9D46EB-84B6-4831-BD19-0E0D87B5A118} = {21ADA552-95B6-443B-BEDB-8A420182B2E3}
		{2E2D7688-7239-4E74-A90B-D150A337178D} = {21ADA552-95B6-443B-BEDB-8A420182B2E3}
		{501C5A9D-54FF-412A-88BD-27B5DD77CCF1} = {A58E1A39-F196-44DA-BAFA-A5073C82AFC1}
		{3BAF8E4D-B0BD-40AF-B6ED-FD9B77958DB0} = {A44372D6-E1A5-47C8-ADC3-5DA147B11A1F}
		{F5A53B17-E19F-40AA-A655-4C920FFA0068} = {A44372D6-E1A5-47C8-ADC3-5DA147B11A1F}
		{90F37BBA-63B0-48EA-82A7-618FF8C56DBE} = {A44372D6-E1A5-47C8-ADC3-5DA147B11A1F}
		{1F37286B-C178-4371-ACBA-32AFDB538855} = {A44372D6-E1A5-47C8-ADC3-5DA147B11A1F}
		{97D33D88-503F-4096-AEB0-B1592F18BA18} = {A44372D6-E1A5-47C8-ADC3-5DA147B11A1F}
		{BDACC9C8-E37F-4992-A76D-BF81B717FCB6} = {A44372D6-E1A5-47C8-ADC3-5DA147B11A1F}
		{2C72BC60-949B-4853-BD2B-192F30855AB1} = {A44372D6-E1A5-47C8-ADC3-5DA147B11A1F}
		{2FFB980E-E67E-4A76-BB2C-9379BD0C54E2} = {A44372D6-E1A5-47C8-ADC3-5DA147B11A1F}
		{5BA1D67B-80B9-42BD-B125-758F4D19743E} = {A44372D6-E1A5-47C8-ADC3-5DA147B11A1F}
		{D73544FD-8C88-4D8A-9ED8-33F0D8EC95DA} = {A44372D6-E1A5-47C8-ADC3-5DA147B11A1F}
		{B82AD062-AB13-4810-80BC-D0F01D09F3C5} = {A44372D6-E1A5-47C8-ADC3-5DA147B11A1F}
		{A135CBC7-697A-416E-B54B-3FEB286E08D5} = {A44372D6-E1A5-47C8-ADC3-5DA147B11A1F}
		{75332664-C19E-4D47-BCF5-9C39568E147D} = {A44372D6-E1A5-47C8-ADC3-5DA147B11A1F}
		{6440226D-86A9-42AF-97E6-C70C1A43952D} = {A44372D6-E1A5-47C8-ADC3-5DA147B11A1F}
		{B01D1615-2E7C-45FF-B87C-F20DF3209D9F} = {A44372D6-E1A5-47C8-ADC3-5DA147B11A1F}
		{FAB01D52-CBA2-4B11-B666-CCB18D35949C} = {A44372D6-E1A5-47C8-ADC3-5DA147B11A1F}
		{84CF705C-3222-4583-B7A3-7E8C4439B548} = {A44372D6-E1A5-47C8-ADC3-5DA147B11A1F}
		{6F3CDFD2-DB37-4039-BE61-EA12420C8E58} = {A44372D6-E1A5-47C8-ADC3-5DA147B11A1F}
		{8ABF0E29-8A38-45D7-B1F3-6C052328BD24} = {A44372D6-E1A5-47C8-ADC3-5DA147B11A1F}
		{396BA143-D5F9-4C14-9055-2537A739B160} = {A44372D6-E1A5-47C8-ADC3-5DA147B11A1F}
		{868FE26C-C900-4C7F-9BAA-F7589B5A4A85} = {A44372D6-E1A5-47C8-ADC3-5DA147B11A1F}
		{8554E2EF-29B5-455F-8D2F-87FCB8541767} = {A44372D6-E1A5-47C8-ADC3-5DA147B11A1F}
		{E4979548-5048-4EFC-B08B-2E89745D2136} = {A44372D6-E1A5-47C8-ADC3-5DA147B11A1F}
		{D2EDDDB1-B658-4C75-835B-F7EC1088687F} = {A44372D6-E1A5-47C8-ADC3-5DA147B11A1F}
		{17B76513-438C-4613-9CD1-A32D658FCAFA} = {A44372D6-E1A5-47C8-ADC3-5DA147B11A1F}
		{1B1E1C22-A655-4FE8-B151-3C9A0785EB0E} = {A44372D6-E1A5-47C8-ADC3-5DA147B11A1F}
		{92F9BFA6-35D2-4AE2-9EB6-AE3FB85526AD} = {A44372D6-E1A5-47C8-ADC3-5DA147B11A1F}
		{9FF63D53-748E-4DA6-8BF8-6E977325A318} = {A44372D6-E1A5-47C8-ADC3-5DA147B11A1F}
		{5A0C85B3-B84B-4A7E-86B3-63C74FD34D69} = {A44372D6-E1A5-47C8-ADC3-5DA147B11A1F}
		{49CAEB95-EDED-4380-9365-462A16CDD7B3} = {A44372D6-E1A5-47C8-ADC3-5DA147B11A1F}
		{4778DA4A-CD36-485A-8D64-2C762C75F94B} = {21ADA552-95B6-443B-BEDB-8A420182B2E3}
		{A52CB104-C3E9-42A1-ADEF-5D2E966A39FF} = {21ADA552-95B6-443B-BEDB-8A420182B2E3}
		{FC57BFD0-0CA8-4B04-9317-0CFC5ED8459E} = {A44372D6-E1A5-47C8-ADC3-5DA147B11A1F}
		{684B355C-8DBB-468F-A4DF-2D54639BBF32} = {21ADA552-95B6-443B-BEDB-8A420182B2E3}
		{C2613EC3-62C1-4116-981E-76B5E2F69CAF} = {A44372D6-E1A5-47C8-ADC3-5DA147B11A1F}
		{7BE7A266-C3B9-4C74-8E8C-1E16A095E04E} = {21ADA552-95B6-443B-BEDB-8A420182B2E3}
		{489C8A7F-D0DB-4D9E-A281-61F167DD5800} = {A44372D6-E1A5-47C8-ADC3-5DA147B11A1F}
		{13B4A92D-C150-4B74-AA3D-D35A566886D4} = {A44372D6-E1A5-47C8-ADC3-5DA147B11A1F}
		{F20C9D97-F69E-450A-AE52-04A6665AD2CF} = {A44372D6-E1A5-47C8-ADC3-5DA147B11A1F}
		{DF16C562-7C08-40DC-B03F-228691EE8725} = {A44372D6-E1A5-47C8-ADC3-5DA147B11A1F}
		{831ACB50-7398-42FC-87C9-9F20FD39E797} = {A44372D6-E1A5-47C8-ADC3-5DA147B11A1F}
		{4C1C813C-4A02-45A5-84C7-6E0194E62CE7} = {A44372D6-E1A5-47C8-ADC3-5DA147B11A1F}
		{4143B06E-DCCC-4E2D-A257-B2573FF68F99} = {A44372D6-E1A5-47C8-ADC3-5DA147B11A1F}
		{F9B0D56C-8586-4E3F-80F6-98B06981184D} = {A44372D6-E1A5-47C8-ADC3-5DA147B11A1F}
		{02AECBF3-8DAE-4595-9170-B3688C2F0488} = {A44372D6-E1A5-47C8-ADC3-5DA147B11A1F}
		{01E40D24-AA86-46FB-80F7-23A0EF93B245} = {A44372D6-E1A5-47C8-ADC3-5DA147B11A1F}
		{831045C0-C25F-4910-B836-E336AC28E1DC} = {A44372D6-E1A5-47C8-ADC3-5DA147B11A1F}
		{05073C3F-3BA0-4983-9122-BC65A9F69564} = {A44372D6-E1A5-47C8-ADC3-5DA147B11A1F}
		{9403E6F2-52B7-4B90-A231-508E1230151F} = {A44372D6-E1A5-47C8-ADC3-5DA147B11A1F}
	EndGlobalSection
	GlobalSection(ExtensibilityGlobals) = postSolution
		SolutionGuid = {8CEC16A9-B2F8-4F62-83CD-A3938068964F}
	EndGlobalSection
EndGlobal
