
Microsoft Visual Studio Solution File, Format Version 12.00
# Visual Studio 15
VisualStudioVersion = 15.0.26228.9
MinimumVisualStudioVersion = 10.0.40219.1
Project("{2150E333-8FDC-42A3-9474-1A3956D46DE8}") = "Core", "Core", "{12CEDB9A-3A24-441F-9787-8D0AA48D77C6}"
EndProject
Project("{9A19103F-16F7-4668-BE54-9A1E7A4F7556}") = "SF.Abstractions", "Core\SF.Abstractions\SF.Abstractions.csproj", "{E0176DBC-9D8B-4D0D-B746-9A672DB22BB2}"
EndProject
Project("{2150E333-8FDC-42A3-9474-1A3956D46DE8}") = "Management", "Management", "{E93FCA3F-33EB-481D-86D1-61F5F9974642}"
EndProject
Project("{2150E333-8FDC-42A3-9474-1A3956D46DE8}") = "Biz", "Biz", "{65FEACFD-54B2-43FA-ACF3-0C225F892AF8}"
EndProject
Project("{2150E333-8FDC-42A3-9474-1A3956D46DE8}") = "Tests", "Tests", "{B0BA0120-95D9-428D-876C-E43DD4824334}"
EndProject
Project("{9A19103F-16F7-4668-BE54-9A1E7A4F7556}") = "SF.Extensions", "Core\SF.Extensions\SF.Extensions.csproj", "{A6131351-4942-41F3-9F9B-49077D54FE07}"
EndProject
Project("{9A19103F-16F7-4668-BE54-9A1E7A4F7556}") = "SF.Implements", "Core\SF.Implements\SF.Implements.csproj", "{695D8985-55EA-4D65-80EC-3FB3B51D27D6}"
EndProject
Project("{2150E333-8FDC-42A3-9474-1A3956D46DE8}") = "Implements", "Implements", "{71661446-9DBF-416C-BA0F-8221264AC73D}"
EndProject
Project("{9A19103F-16F7-4668-BE54-9A1E7A4F7556}") = "SF.AspNetCore", "Core\SF.AspNetCore\SF.AspNetCore.csproj", "{83FED0FD-C576-406E-9F7F-DFAE21815C32}"
EndProject
Project("{9A19103F-16F7-4668-BE54-9A1E7A4F7556}") = "SF.Data.Storage.EFCore", "Implements\SF.Data.Storage.EFCore\SF.Data.Storage.EFCore.csproj", "{1FCD6BD6-BD76-44D3-B280-11C1915E2979}"
EndProject
Project("{9A19103F-16F7-4668-BE54-9A1E7A4F7556}") = "SF.Core.MicrosoftExtensions", "Implements\SF.Core.MicrosoftExtensions\SF.Core.MicrosoftExtensions.csproj", "{DC6BCE7C-E920-4D3C-9F72-B7BF33702A5A}"
EndProject
Project("{2150E333-8FDC-42A3-9474-1A3956D46DE8}") = "Sites", "Sites", "{052D3924-E211-467C-B3BC-4249C26A971B}"
EndProject
Project("{FAE04EC0-301F-11D3-BF4B-00C04F79EFBC}") = "SF.AdminSiteCore", "Sites\SF.AdminSiteCore\SF.AdminSiteCore.csproj", "{F18CF9F4-5A91-4729-8C8F-96A18C34A659}"
EndProject
Project("{FAE04EC0-301F-11D3-BF4B-00C04F79EFBC}") = "SF.Drawing.ZKWeb", "Implements\SF.Drawing.ZKWeb\SF.Drawing.ZKWeb.csproj", "{7805E5EA-F343-431D-B249-3BC98E6615F4}"
EndProject
Project("{FAE04EC0-301F-11D3-BF4B-00C04F79EFBC}") = "SF.Interception", "Core\SF.Interception\SF.Interception.csproj", "{1F49C489-1A98-4A83-B412-77BD52021925}"
EndProject
Project("{9A19103F-16F7-4668-BE54-9A1E7A4F7556}") = "SF.UnitTest", "Core\SF.UnitTest\SF.UnitTest.csproj", "{EB5E2745-14F6-492B-A127-F9DD8F6B611D}"
EndProject
Project("{FAE04EC0-301F-11D3-BF4B-00C04F79EFBC}") = "StandardLib", "Test\StandardLib\StandardLib.csproj", "{5BF01BB9-EDC2-41E4-985B-525AFF10871D}"
EndProject
Project("{FAE04EC0-301F-11D3-BF4B-00C04F79EFBC}") = "SF.UnitTest2", "Core\SF.Core\SF.UnitTest2\SF.UnitTest2.csproj", "{FDDBC4AB-B59F-418C-8691-0AD9A3E8FE71}"
EndProject
Global
	GlobalSection(SolutionConfigurationPlatforms) = preSolution
		Debug|Any CPU = Debug|Any CPU
		Debug|x64 = Debug|x64
		Debug|x86 = Debug|x86
		Release|Any CPU = Release|Any CPU
		Release|x64 = Release|x64
		Release|x86 = Release|x86
	EndGlobalSection
	GlobalSection(ProjectConfigurationPlatforms) = postSolution
		{E0176DBC-9D8B-4D0D-B746-9A672DB22BB2}.Debug|Any CPU.ActiveCfg = Debug|Any CPU
		{E0176DBC-9D8B-4D0D-B746-9A672DB22BB2}.Debug|Any CPU.Build.0 = Debug|Any CPU
		{E0176DBC-9D8B-4D0D-B746-9A672DB22BB2}.Debug|x64.ActiveCfg = Debug|Any CPU
		{E0176DBC-9D8B-4D0D-B746-9A672DB22BB2}.Debug|x64.Build.0 = Debug|Any CPU
		{E0176DBC-9D8B-4D0D-B746-9A672DB22BB2}.Debug|x86.ActiveCfg = Debug|Any CPU
		{E0176DBC-9D8B-4D0D-B746-9A672DB22BB2}.Debug|x86.Build.0 = Debug|Any CPU
		{E0176DBC-9D8B-4D0D-B746-9A672DB22BB2}.Release|Any CPU.ActiveCfg = Release|Any CPU
		{E0176DBC-9D8B-4D0D-B746-9A672DB22BB2}.Release|Any CPU.Build.0 = Release|Any CPU
		{E0176DBC-9D8B-4D0D-B746-9A672DB22BB2}.Release|x64.ActiveCfg = Release|Any CPU
		{E0176DBC-9D8B-4D0D-B746-9A672DB22BB2}.Release|x64.Build.0 = Release|Any CPU
		{E0176DBC-9D8B-4D0D-B746-9A672DB22BB2}.Release|x86.ActiveCfg = Release|Any CPU
		{E0176DBC-9D8B-4D0D-B746-9A672DB22BB2}.Release|x86.Build.0 = Release|Any CPU
		{A6131351-4942-41F3-9F9B-49077D54FE07}.Debug|Any CPU.ActiveCfg = Debug|Any CPU
		{A6131351-4942-41F3-9F9B-49077D54FE07}.Debug|Any CPU.Build.0 = Debug|Any CPU
		{A6131351-4942-41F3-9F9B-49077D54FE07}.Debug|x64.ActiveCfg = Debug|Any CPU
		{A6131351-4942-41F3-9F9B-49077D54FE07}.Debug|x64.Build.0 = Debug|Any CPU
		{A6131351-4942-41F3-9F9B-49077D54FE07}.Debug|x86.ActiveCfg = Debug|Any CPU
		{A6131351-4942-41F3-9F9B-49077D54FE07}.Debug|x86.Build.0 = Debug|Any CPU
		{A6131351-4942-41F3-9F9B-49077D54FE07}.Release|Any CPU.ActiveCfg = Release|Any CPU
		{A6131351-4942-41F3-9F9B-49077D54FE07}.Release|Any CPU.Build.0 = Release|Any CPU
		{A6131351-4942-41F3-9F9B-49077D54FE07}.Release|x64.ActiveCfg = Release|Any CPU
		{A6131351-4942-41F3-9F9B-49077D54FE07}.Release|x64.Build.0 = Release|Any CPU
		{A6131351-4942-41F3-9F9B-49077D54FE07}.Release|x86.ActiveCfg = Release|Any CPU
		{A6131351-4942-41F3-9F9B-49077D54FE07}.Release|x86.Build.0 = Release|Any CPU
		{695D8985-55EA-4D65-80EC-3FB3B51D27D6}.Debug|Any CPU.ActiveCfg = Debug|Any CPU
		{695D8985-55EA-4D65-80EC-3FB3B51D27D6}.Debug|Any CPU.Build.0 = Debug|Any CPU
		{695D8985-55EA-4D65-80EC-3FB3B51D27D6}.Debug|x64.ActiveCfg = Debug|Any CPU
		{695D8985-55EA-4D65-80EC-3FB3B51D27D6}.Debug|x64.Build.0 = Debug|Any CPU
		{695D8985-55EA-4D65-80EC-3FB3B51D27D6}.Debug|x86.ActiveCfg = Debug|Any CPU
		{695D8985-55EA-4D65-80EC-3FB3B51D27D6}.Debug|x86.Build.0 = Debug|Any CPU
		{695D8985-55EA-4D65-80EC-3FB3B51D27D6}.Release|Any CPU.ActiveCfg = Release|Any CPU
		{695D8985-55EA-4D65-80EC-3FB3B51D27D6}.Release|Any CPU.Build.0 = Release|Any CPU
		{695D8985-55EA-4D65-80EC-3FB3B51D27D6}.Release|x64.ActiveCfg = Release|Any CPU
		{695D8985-55EA-4D65-80EC-3FB3B51D27D6}.Release|x64.Build.0 = Release|Any CPU
		{695D8985-55EA-4D65-80EC-3FB3B51D27D6}.Release|x86.ActiveCfg = Release|Any CPU
		{695D8985-55EA-4D65-80EC-3FB3B51D27D6}.Release|x86.Build.0 = Release|Any CPU
		{83FED0FD-C576-406E-9F7F-DFAE21815C32}.Debug|Any CPU.ActiveCfg = Debug|Any CPU
		{83FED0FD-C576-406E-9F7F-DFAE21815C32}.Debug|Any CPU.Build.0 = Debug|Any CPU
		{83FED0FD-C576-406E-9F7F-DFAE21815C32}.Debug|x64.ActiveCfg = Debug|Any CPU
		{83FED0FD-C576-406E-9F7F-DFAE21815C32}.Debug|x64.Build.0 = Debug|Any CPU
		{83FED0FD-C576-406E-9F7F-DFAE21815C32}.Debug|x86.ActiveCfg = Debug|Any CPU
		{83FED0FD-C576-406E-9F7F-DFAE21815C32}.Debug|x86.Build.0 = Debug|Any CPU
		{83FED0FD-C576-406E-9F7F-DFAE21815C32}.Release|Any CPU.ActiveCfg = Release|Any CPU
		{83FED0FD-C576-406E-9F7F-DFAE21815C32}.Release|Any CPU.Build.0 = Release|Any CPU
		{83FED0FD-C576-406E-9F7F-DFAE21815C32}.Release|x64.ActiveCfg = Release|Any CPU
		{83FED0FD-C576-406E-9F7F-DFAE21815C32}.Release|x64.Build.0 = Release|Any CPU
		{83FED0FD-C576-406E-9F7F-DFAE21815C32}.Release|x86.ActiveCfg = Release|Any CPU
		{83FED0FD-C576-406E-9F7F-DFAE21815C32}.Release|x86.Build.0 = Release|Any CPU
		{1FCD6BD6-BD76-44D3-B280-11C1915E2979}.Debug|Any CPU.ActiveCfg = Debug|Any CPU
		{1FCD6BD6-BD76-44D3-B280-11C1915E2979}.Debug|Any CPU.Build.0 = Debug|Any CPU
		{1FCD6BD6-BD76-44D3-B280-11C1915E2979}.Debug|x64.ActiveCfg = Debug|Any CPU
		{1FCD6BD6-BD76-44D3-B280-11C1915E2979}.Debug|x64.Build.0 = Debug|Any CPU
		{1FCD6BD6-BD76-44D3-B280-11C1915E2979}.Debug|x86.ActiveCfg = Debug|Any CPU
		{1FCD6BD6-BD76-44D3-B280-11C1915E2979}.Debug|x86.Build.0 = Debug|Any CPU
		{1FCD6BD6-BD76-44D3-B280-11C1915E2979}.Release|Any CPU.ActiveCfg = Release|Any CPU
		{1FCD6BD6-BD76-44D3-B280-11C1915E2979}.Release|Any CPU.Build.0 = Release|Any CPU
		{1FCD6BD6-BD76-44D3-B280-11C1915E2979}.Release|x64.ActiveCfg = Release|Any CPU
		{1FCD6BD6-BD76-44D3-B280-11C1915E2979}.Release|x64.Build.0 = Release|Any CPU
		{1FCD6BD6-BD76-44D3-B280-11C1915E2979}.Release|x86.ActiveCfg = Release|Any CPU
		{1FCD6BD6-BD76-44D3-B280-11C1915E2979}.Release|x86.Build.0 = Release|Any CPU
		{DC6BCE7C-E920-4D3C-9F72-B7BF33702A5A}.Debug|Any CPU.ActiveCfg = Debug|Any CPU
		{DC6BCE7C-E920-4D3C-9F72-B7BF33702A5A}.Debug|Any CPU.Build.0 = Debug|Any CPU
		{DC6BCE7C-E920-4D3C-9F72-B7BF33702A5A}.Debug|x64.ActiveCfg = Debug|Any CPU
		{DC6BCE7C-E920-4D3C-9F72-B7BF33702A5A}.Debug|x64.Build.0 = Debug|Any CPU
		{DC6BCE7C-E920-4D3C-9F72-B7BF33702A5A}.Debug|x86.ActiveCfg = Debug|Any CPU
		{DC6BCE7C-E920-4D3C-9F72-B7BF33702A5A}.Debug|x86.Build.0 = Debug|Any CPU
		{DC6BCE7C-E920-4D3C-9F72-B7BF33702A5A}.Release|Any CPU.ActiveCfg = Release|Any CPU
		{DC6BCE7C-E920-4D3C-9F72-B7BF33702A5A}.Release|Any CPU.Build.0 = Release|Any CPU
		{DC6BCE7C-E920-4D3C-9F72-B7BF33702A5A}.Release|x64.ActiveCfg = Release|Any CPU
		{DC6BCE7C-E920-4D3C-9F72-B7BF33702A5A}.Release|x64.Build.0 = Release|Any CPU
		{DC6BCE7C-E920-4D3C-9F72-B7BF33702A5A}.Release|x86.ActiveCfg = Release|Any CPU
		{DC6BCE7C-E920-4D3C-9F72-B7BF33702A5A}.Release|x86.Build.0 = Release|Any CPU
		{F18CF9F4-5A91-4729-8C8F-96A18C34A659}.Debug|Any CPU.ActiveCfg = Debug|Any CPU
		{F18CF9F4-5A91-4729-8C8F-96A18C34A659}.Debug|Any CPU.Build.0 = Debug|Any CPU
		{F18CF9F4-5A91-4729-8C8F-96A18C34A659}.Debug|x64.ActiveCfg = Debug|Any CPU
		{F18CF9F4-5A91-4729-8C8F-96A18C34A659}.Debug|x64.Build.0 = Debug|Any CPU
		{F18CF9F4-5A91-4729-8C8F-96A18C34A659}.Debug|x86.ActiveCfg = Debug|Any CPU
		{F18CF9F4-5A91-4729-8C8F-96A18C34A659}.Debug|x86.Build.0 = Debug|Any CPU
		{F18CF9F4-5A91-4729-8C8F-96A18C34A659}.Release|Any CPU.ActiveCfg = Release|Any CPU
		{F18CF9F4-5A91-4729-8C8F-96A18C34A659}.Release|Any CPU.Build.0 = Release|Any CPU
		{F18CF9F4-5A91-4729-8C8F-96A18C34A659}.Release|x64.ActiveCfg = Release|Any CPU
		{F18CF9F4-5A91-4729-8C8F-96A18C34A659}.Release|x64.Build.0 = Release|Any CPU
		{F18CF9F4-5A91-4729-8C8F-96A18C34A659}.Release|x86.ActiveCfg = Release|Any CPU
		{F18CF9F4-5A91-4729-8C8F-96A18C34A659}.Release|x86.Build.0 = Release|Any CPU
		{7805E5EA-F343-431D-B249-3BC98E6615F4}.Debug|Any CPU.ActiveCfg = Debug|Any CPU
		{7805E5EA-F343-431D-B249-3BC98E6615F4}.Debug|Any CPU.Build.0 = Debug|Any CPU
		{7805E5EA-F343-431D-B249-3BC98E6615F4}.Debug|x64.ActiveCfg = Debug|Any CPU
		{7805E5EA-F343-431D-B249-3BC98E6615F4}.Debug|x64.Build.0 = Debug|Any CPU
		{7805E5EA-F343-431D-B249-3BC98E6615F4}.Debug|x86.ActiveCfg = Debug|Any CPU
		{7805E5EA-F343-431D-B249-3BC98E6615F4}.Debug|x86.Build.0 = Debug|Any CPU
		{7805E5EA-F343-431D-B249-3BC98E6615F4}.Release|Any CPU.ActiveCfg = Release|Any CPU
		{7805E5EA-F343-431D-B249-3BC98E6615F4}.Release|Any CPU.Build.0 = Release|Any CPU
		{7805E5EA-F343-431D-B249-3BC98E6615F4}.Release|x64.ActiveCfg = Release|Any CPU
		{7805E5EA-F343-431D-B249-3BC98E6615F4}.Release|x64.Build.0 = Release|Any CPU
		{7805E5EA-F343-431D-B249-3BC98E6615F4}.Release|x86.ActiveCfg = Release|Any CPU
		{7805E5EA-F343-431D-B249-3BC98E6615F4}.Release|x86.Build.0 = Release|Any CPU
		{1F49C489-1A98-4A83-B412-77BD52021925}.Debug|Any CPU.ActiveCfg = Debug|Any CPU
		{1F49C489-1A98-4A83-B412-77BD52021925}.Debug|Any CPU.Build.0 = Debug|Any CPU
		{1F49C489-1A98-4A83-B412-77BD52021925}.Debug|x64.ActiveCfg = Debug|Any CPU
		{1F49C489-1A98-4A83-B412-77BD52021925}.Debug|x64.Build.0 = Debug|Any CPU
		{1F49C489-1A98-4A83-B412-77BD52021925}.Debug|x86.ActiveCfg = Debug|Any CPU
		{1F49C489-1A98-4A83-B412-77BD52021925}.Debug|x86.Build.0 = Debug|Any CPU
		{1F49C489-1A98-4A83-B412-77BD52021925}.Release|Any CPU.ActiveCfg = Release|Any CPU
		{1F49C489-1A98-4A83-B412-77BD52021925}.Release|Any CPU.Build.0 = Release|Any CPU
		{1F49C489-1A98-4A83-B412-77BD52021925}.Release|x64.ActiveCfg = Release|Any CPU
		{1F49C489-1A98-4A83-B412-77BD52021925}.Release|x64.Build.0 = Release|Any CPU
		{1F49C489-1A98-4A83-B412-77BD52021925}.Release|x86.ActiveCfg = Release|Any CPU
		{1F49C489-1A98-4A83-B412-77BD52021925}.Release|x86.Build.0 = Release|Any CPU
		{EB5E2745-14F6-492B-A127-F9DD8F6B611D}.Debug|Any CPU.ActiveCfg = Debug|Any CPU
		{EB5E2745-14F6-492B-A127-F9DD8F6B611D}.Debug|Any CPU.Build.0 = Debug|Any CPU
		{EB5E2745-14F6-492B-A127-F9DD8F6B611D}.Debug|x64.ActiveCfg = Debug|Any CPU
		{EB5E2745-14F6-492B-A127-F9DD8F6B611D}.Debug|x64.Build.0 = Debug|Any CPU
		{EB5E2745-14F6-492B-A127-F9DD8F6B611D}.Debug|x86.ActiveCfg = Debug|Any CPU
		{EB5E2745-14F6-492B-A127-F9DD8F6B611D}.Debug|x86.Build.0 = Debug|Any CPU
		{EB5E2745-14F6-492B-A127-F9DD8F6B611D}.Release|Any CPU.ActiveCfg = Release|Any CPU
		{EB5E2745-14F6-492B-A127-F9DD8F6B611D}.Release|Any CPU.Build.0 = Release|Any CPU
		{EB5E2745-14F6-492B-A127-F9DD8F6B611D}.Release|x64.ActiveCfg = Release|Any CPU
		{EB5E2745-14F6-492B-A127-F9DD8F6B611D}.Release|x64.Build.0 = Release|Any CPU
		{EB5E2745-14F6-492B-A127-F9DD8F6B611D}.Release|x86.ActiveCfg = Release|Any CPU
		{EB5E2745-14F6-492B-A127-F9DD8F6B611D}.Release|x86.Build.0 = Release|Any CPU
		{5BF01BB9-EDC2-41E4-985B-525AFF10871D}.Debug|Any CPU.ActiveCfg = Debug|Any CPU
		{5BF01BB9-EDC2-41E4-985B-525AFF10871D}.Debug|Any CPU.Build.0 = Debug|Any CPU
		{5BF01BB9-EDC2-41E4-985B-525AFF10871D}.Debug|x64.ActiveCfg = Debug|Any CPU
		{5BF01BB9-EDC2-41E4-985B-525AFF10871D}.Debug|x64.Build.0 = Debug|Any CPU
		{5BF01BB9-EDC2-41E4-985B-525AFF10871D}.Debug|x86.ActiveCfg = Debug|Any CPU
		{5BF01BB9-EDC2-41E4-985B-525AFF10871D}.Debug|x86.Build.0 = Debug|Any CPU
		{5BF01BB9-EDC2-41E4-985B-525AFF10871D}.Release|Any CPU.ActiveCfg = Release|Any CPU
		{5BF01BB9-EDC2-41E4-985B-525AFF10871D}.Release|Any CPU.Build.0 = Release|Any CPU
		{5BF01BB9-EDC2-41E4-985B-525AFF10871D}.Release|x64.ActiveCfg = Release|Any CPU
		{5BF01BB9-EDC2-41E4-985B-525AFF10871D}.Release|x64.Build.0 = Release|Any CPU
		{5BF01BB9-EDC2-41E4-985B-525AFF10871D}.Release|x86.ActiveCfg = Release|Any CPU
		{5BF01BB9-EDC2-41E4-985B-525AFF10871D}.Release|x86.Build.0 = Release|Any CPU
		{FDDBC4AB-B59F-418C-8691-0AD9A3E8FE71}.Debug|Any CPU.ActiveCfg = Debug|Any CPU
		{FDDBC4AB-B59F-418C-8691-0AD9A3E8FE71}.Debug|Any CPU.Build.0 = Debug|Any CPU
		{FDDBC4AB-B59F-418C-8691-0AD9A3E8FE71}.Debug|x64.ActiveCfg = Debug|Any CPU
		{FDDBC4AB-B59F-418C-8691-0AD9A3E8FE71}.Debug|x64.Build.0 = Debug|Any CPU
		{FDDBC4AB-B59F-418C-8691-0AD9A3E8FE71}.Debug|x86.ActiveCfg = Debug|Any CPU
		{FDDBC4AB-B59F-418C-8691-0AD9A3E8FE71}.Debug|x86.Build.0 = Debug|Any CPU
		{FDDBC4AB-B59F-418C-8691-0AD9A3E8FE71}.Release|Any CPU.ActiveCfg = Release|Any CPU
		{FDDBC4AB-B59F-418C-8691-0AD9A3E8FE71}.Release|Any CPU.Build.0 = Release|Any CPU
		{FDDBC4AB-B59F-418C-8691-0AD9A3E8FE71}.Release|x64.ActiveCfg = Release|Any CPU
		{FDDBC4AB-B59F-418C-8691-0AD9A3E8FE71}.Release|x64.Build.0 = Release|Any CPU
		{FDDBC4AB-B59F-418C-8691-0AD9A3E8FE71}.Release|x86.ActiveCfg = Release|Any CPU
		{FDDBC4AB-B59F-418C-8691-0AD9A3E8FE71}.Release|x86.Build.0 = Release|Any CPU
	EndGlobalSection
	GlobalSection(SolutionProperties) = preSolution
		HideSolutionNode = FALSE
	EndGlobalSection
	GlobalSection(NestedProjects) = preSolution
		{E0176DBC-9D8B-4D0D-B746-9A672DB22BB2} = {12CEDB9A-3A24-441F-9787-8D0AA48D77C6}
		{A6131351-4942-41F3-9F9B-49077D54FE07} = {12CEDB9A-3A24-441F-9787-8D0AA48D77C6}
		{695D8985-55EA-4D65-80EC-3FB3B51D27D6} = {12CEDB9A-3A24-441F-9787-8D0AA48D77C6}
		{83FED0FD-C576-406E-9F7F-DFAE21815C32} = {12CEDB9A-3A24-441F-9787-8D0AA48D77C6}
		{1FCD6BD6-BD76-44D3-B280-11C1915E2979} = {71661446-9DBF-416C-BA0F-8221264AC73D}
		{DC6BCE7C-E920-4D3C-9F72-B7BF33702A5A} = {71661446-9DBF-416C-BA0F-8221264AC73D}
		{F18CF9F4-5A91-4729-8C8F-96A18C34A659} = {052D3924-E211-467C-B3BC-4249C26A971B}
		{7805E5EA-F343-431D-B249-3BC98E6615F4} = {71661446-9DBF-416C-BA0F-8221264AC73D}
		{1F49C489-1A98-4A83-B412-77BD52021925} = {12CEDB9A-3A24-441F-9787-8D0AA48D77C6}
		{EB5E2745-14F6-492B-A127-F9DD8F6B611D} = {B0BA0120-95D9-428D-876C-E43DD4824334}
		{5BF01BB9-EDC2-41E4-985B-525AFF10871D} = {12CEDB9A-3A24-441F-9787-8D0AA48D77C6}
		{FDDBC4AB-B59F-418C-8691-0AD9A3E8FE71} = {B0BA0120-95D9-428D-876C-E43DD4824334}
	EndGlobalSection
EndGlobal
